// !$*UTF8*$!
{
  archiveVersion = 1;
  classes = {
  };
  objectVersion = 56;
  objects = {

    /* Begin PBXBuildFile section */
    CFE7B0DA38146925 /* xcschememanagement.plist in Sources */ = {isa = PBXBuildFile; fileRef = A6B50ECD714F8239; };
    62BA9C1D03754FE8 /* Contents.json in Sources */ = {isa = PBXBuildFile; fileRef = 2E74FC1DA306B859; };
    26EAF49BC817D305 /* Contents.json in Sources */ = {isa = PBXBuildFile; fileRef = 7E14508FDB936A2C; };
    0576D3B218CE4A9F /* Contents.json in Sources */ = {isa = PBXBuildFile; fileRef = F3C8674E521BA90D; };
    01FA65D89C2BE347 /* xcschememanagement.plist in Sources */ = {isa = PBXBuildFile; fileRef = 3A46C78509B2D1EF; };
    68A03FB2D17C495E /* Contents.json in Sources */ = {isa = PBXBuildFile; fileRef = 769BD5821A0CFE34; };
    70E9B1FD5386C2A4 /* Contents.json in Sources */ = {isa = PBXBuildFile; fileRef = 21DB9340CE5A678F; };
    0F9A128EC37645BD /* Contents.json in Sources */ = {isa = PBXBuildFile; fileRef = F4E06D12B39A5C87; };
    014F82EB93C5A67D /* ContentView.swift in Sources */ = {isa = PBXBuildFile; fileRef = 1F02968ECB43AD57; };
    172CFBE40D8359A6 /* Item.swift in Sources */ = {isa = PBXBuildFile; fileRef = 40A1CE2BF37D9856; };
    36EA28BC1947D0F5 /* README.md in Sources */ = {isa = PBXBuildFile; fileRef = 9E8A014D27356CFB; };
    D1EABC97F4685023 /* IngestionService.swift in Sources */ = {isa = PBXBuildFile; fileRef = 53817FAECB420D69; };
    70312A869CD4E5FB /* AutomotiveInspectorApp.swift in Sources */ = {isa = PBXBuildFile; fileRef = 6C543B9E2187FA0D; };
    21CF943B086D7A5E /* AutomotiveInspectorTests.swift in Sources */ = {isa = PBXBuildFile; fileRef = 8B5A6C03DE21497F; };
    BD4F8352910A6C7E /* AutomotiveInspectorUITests.swift in Sources */ = {isa = PBXBuildFile; fileRef = 3A69EF71DC50B842; };
    A3E59D8624F1B70C /* ContentView.swift in Sources */ = {isa = PBXBuildFile; fileRef = B1903D746E2C58AF; };
    2E6B197F804AD35C /* ScheduleEventIntent.swift in Sources */ = {isa = PBXBuildFile; fileRef = 049CE75681AF32DB; };
    0F541C27BD9A86E3 /* Item.swift in Sources */ = {isa = PBXBuildFile; fileRef = 078EC15B3F496D2A; };
    F0C6951DA87E2B34 /* CalendarEvent.swift in Sources */ = {isa = PBXBuildFile; fileRef = 01A92ED6C78B5F43; };
    721048F69D5A3ECB /* README.md in Sources */ = {isa = PBXBuildFile; fileRef = 0CA12354F79DE8B6; };
    0BD127F346895ECA /* IngestionService.swift in Sources */ = {isa = PBXBuildFile; fileRef = 6C8FEB57342D10A9; };
    0C1E7DB43658A29F /* CalendarViewModel.swift in Sources */ = {isa = PBXBuildFile; fileRef = 1864370F592ADBCE; };
    F09A146C75EBD823 /* DashboardView.swift in Sources */ = {isa = PBXBuildFile; fileRef = 9CD0B8EF175243A6; };
    DB29AE8051643F7C /* AutomotiveInspectorTests.swift in Sources */ = {isa = PBXBuildFile; fileRef = 37465198BFAED20C; };
    72359AC4F0D816EB /* AutomotiveInspectorUITests.swift in Sources */ = {isa = PBXBuildFile; fileRef = FDE63A9805142C7B; };
    E01B5AD476C82F39 /* ScheduleEventIntent.swift in Sources */ = {isa = PBXBuildFile; fileRef = 87501DA4E9BCF623; };
    B549A73C2F168D0E /* CalendarEvent.swift in Sources */ = {isa = PBXBuildFile; fileRef = B609712E5C438DFA; };
    D3E5149BC26A087F /* README.md in Sources */ = {isa = PBXBuildFile; fileRef = 057BDA2C41F8E396; };
    E0F31427D895CB6A /* IngestionService.swift in Sources */ = {isa = PBXBuildFile; fileRef = 017F85624D9BAE3C; };
    06AE783FC25B941D /* CalendarViewModel.swift in Sources */ = {isa = PBXBuildFile; fileRef = 907B26D1C4E5FA83; };
    1EDBF802374A95C6 /* DashboardView.swift in Sources */ = {isa = PBXBuildFile; fileRef = 370DE4FC96B182A5; };
    136F2E49DC058A7B /* AutomotiveInspectorTests.swift in Sources */ = {isa = PBXBuildFile; fileRef = E4B6F31207A98DC5; };
    0397F1526D4CEAB8 /* AutomotiveInspectorUITests.swift in Sources */ = {isa = PBXBuildFile; fileRef = 205D3C9BE8AF1647; };
    ED0A714629385FBC /* README.md in Sources */ = {isa = PBXBuildFile; fileRef = 021E63D97A8C5F4B; };
    0E146578D2C9AF3B /* AutomotiveInspectorTests.swift in Sources */ = {isa = PBXBuildFile; fileRef = C019D268735F4AEB; };
    130A78264CFD95BE /* AutomotiveInspectorUITests.swift in Sources */ = {isa = PBXBuildFile; fileRef = 645321DE90A7BF8C; };
    D30849AC1E26B75F /* SwiftUI.framework in Frameworks */ = {isa = PBXBuildFile; fileRef = 37CA86ED1F2B4095; };
    /* End PBXBuildFile section */

    /* Begin PBXFileReference section */
    018FB23C7459ADE6 /* AutomotiveInspector.app */ = {isa = PBXFileReference; explicitFileType = wrapper.application; includeInIndex = 0; path = "AutomotiveInspector.app"; sourceTree = BUILT_PRODUCTS_DIR; };
    A6B50ECD714F8239 /* xcschememanagement.plist */ = {isa = PBXFileReference; lastKnownFileType = text.plist.xml; path = "xcschememanagement.plist"; sourceTree = "<group>"; };
    2E74FC1DA306B859 /* Contents.json */ = {isa = PBXFileReference; lastKnownFileType = text.json; path = "Contents.json"; sourceTree = "<group>"; };
    7E14508FDB936A2C /* Contents.json */ = {isa = PBXFileReference; lastKnownFileType = text.json; path = "Contents.json"; sourceTree = "<group>"; };
    F3C8674E521BA90D /* Contents.json */ = {isa = PBXFileReference; lastKnownFileType = text.json; path = "Contents.json"; sourceTree = "<group>"; };
    3A46C78509B2D1EF /* xcschememanagement.plist */ = {isa = PBXFileReference; lastKnownFileType = text.plist.xml; path = "xcschememanagement.plist"; sourceTree = "<group>"; };
    769BD5821A0CFE34 /* Contents.json */ = {isa = PBXFileReference; lastKnownFileType = text.json; path = "Contents.json"; sourceTree = "<group>"; };
    21DB9340CE5A678F /* Contents.json */ = {isa = PBXFileReference; lastKnownFileType = text.json; path = "Contents.json"; sourceTree = "<group>"; };
    F4E06D12B39A5C87 /* Contents.json */ = {isa = PBXFileReference; lastKnownFileType = text.json; path = "Contents.json"; sourceTree = "<group>"; };
    1F02968ECB43AD57 /* ContentView.swift */ = {isa = PBXFileReference; lastKnownFileType = sourcecode.swift; path = "ContentView.swift"; sourceTree = "<group>"; };
    40A1CE2BF37D9856 /* Item.swift */ = {isa = PBXFileReference; lastKnownFileType = sourcecode.swift; path = "Item.swift"; sourceTree = "<group>"; };
    9E8A014D27356CFB /* README.md */ = {isa = PBXFileReference; lastKnownFileType = text.markdown; path = "README.md"; sourceTree = "<group>"; };
    53817FAECB420D69 /* IngestionService.swift */ = {isa = PBXFileReference; lastKnownFileType = sourcecode.swift; path = "IngestionService.swift"; sourceTree = "<group>"; };
    6C543B9E2187FA0D /* AutomotiveInspectorApp.swift */ = {isa = PBXFileReference; lastKnownFileType = sourcecode.swift; path = "AutomotiveInspectorApp.swift"; sourceTree = "<group>"; };
    8B5A6C03DE21497F /* AutomotiveInspectorTests.swift */ = {isa = PBXFileReference; lastKnownFileType = sourcecode.swift; path = "AutomotiveInspectorTests.swift"; sourceTree = "<group>"; };
    3A69EF71DC50B842 /* AutomotiveInspectorUITests.swift */ = {isa = PBXFileReference; lastKnownFileType = sourcecode.swift; path = "AutomotiveInspectorUITests.swift"; sourceTree = "<group>"; };
    B1903D746E2C58AF /* ContentView.swift */ = {isa = PBXFileReference; lastKnownFileType = sourcecode.swift; path = "ContentView.swift"; sourceTree = "<group>"; };
    049CE75681AF32DB /* ScheduleEventIntent.swift */ = {isa = PBXFileReference; lastKnownFileType = sourcecode.swift; path = "ScheduleEventIntent.swift"; sourceTree = "<group>"; };
    078EC15B3F496D2A /* Item.swift */ = {isa = PBXFileReference; lastKnownFileType = sourcecode.swift; path = "Item.swift"; sourceTree = "<group>"; };
    01A92ED6C78B5F43 /* CalendarEvent.swift */ = {isa = PBXFileReference; lastKnownFileType = sourcecode.swift; path = "CalendarEvent.swift"; sourceTree = "<group>"; };
    0CA12354F79DE8B6 /* README.md */ = {isa = PBXFileReference; lastKnownFileType = text.markdown; path = "README.md"; sourceTree = "<group>"; };
    6C8FEB57342D10A9 /* IngestionService.swift */ = {isa = PBXFileReference; lastKnownFileType = sourcecode.swift; path = "IngestionService.swift"; sourceTree = "<group>"; };
    1864370F592ADBCE /* CalendarViewModel.swift */ = {isa = PBXFileReference; lastKnownFileType = sourcecode.swift; path = "CalendarViewModel.swift"; sourceTree = "<group>"; };
    9CD0B8EF175243A6 /* DashboardView.swift */ = {isa = PBXFileReference; lastKnownFileType = sourcecode.swift; path = "DashboardView.swift"; sourceTree = "<group>"; };
    37465198BFAED20C /* AutomotiveInspectorTests.swift */ = {isa = PBXFileReference; lastKnownFileType = sourcecode.swift; path = "AutomotiveInspectorTests.swift"; sourceTree = "<group>"; };
    FDE63A9805142C7B /* AutomotiveInspectorUITests.swift */ = {isa = PBXFileReference; lastKnownFileType = sourcecode.swift; path = "AutomotiveInspectorUITests.swift"; sourceTree = "<group>"; };
    87501DA4E9BCF623 /* ScheduleEventIntent.swift */ = {isa = PBXFileReference; lastKnownFileType = sourcecode.swift; path = "ScheduleEventIntent.swift"; sourceTree = "<group>"; };
    B609712E5C438DFA /* CalendarEvent.swift */ = {isa = PBXFileReference; lastKnownFileType = sourcecode.swift; path = "CalendarEvent.swift"; sourceTree = "<group>"; };
    057BDA2C41F8E396 /* README.md */ = {isa = PBXFileReference; lastKnownFileType = text.markdown; path = "README.md"; sourceTree = "<group>"; };
    017F85624D9BAE3C /* IngestionService.swift */ = {isa = PBXFileReference; lastKnownFileType = sourcecode.swift; path = "IngestionService.swift"; sourceTree = "<group>"; };
    907B26D1C4E5FA83 /* CalendarViewModel.swift */ = {isa = PBXFileReference; lastKnownFileType = sourcecode.swift; path = "CalendarViewModel.swift"; sourceTree = "<group>"; };
    370DE4FC96B182A5 /* DashboardView.swift */ = {isa = PBXFileReference; lastKnownFileType = sourcecode.swift; path = "DashboardView.swift"; sourceTree = "<group>"; };
    E4B6F31207A98DC5 /* AutomotiveInspectorTests.swift */ = {isa = PBXFileReference; lastKnownFileType = sourcecode.swift; path = "AutomotiveInspectorTests.swift"; sourceTree = "<group>"; };
    205D3C9BE8AF1647 /* AutomotiveInspectorUITests.swift */ = {isa = PBXFileReference; lastKnownFileType = sourcecode.swift; path = "AutomotiveInspectorUITests.swift"; sourceTree = "<group>"; };
    021E63D97A8C5F4B /* README.md */ = {isa = PBXFileReference; lastKnownFileType = text.markdown; path = "README.md"; sourceTree = "<group>"; };
    C019D268735F4AEB /* AutomotiveInspectorTests.swift */ = {isa = PBXFileReference; lastKnownFileType = sourcecode.swift; path = "AutomotiveInspectorTests.swift"; sourceTree = "<group>"; };
    645321DE90A7BF8C /* AutomotiveInspectorUITests.swift */ = {isa = PBXFileReference; lastKnownFileType = sourcecode.swift; path = "AutomotiveInspectorUITests.swift"; sourceTree = "<group>"; };
    6F438712C0EB95AD /* AutomotiveInspectorTests.xctest */ = {isa = PBXFileReference; explicitFileType = wrapper.cfbundle; includeInIndex = 0; path = "AutomotiveInspectorTests.xctest"; sourceTree = BUILT_PRODUCTS_DIR; };
    60983DBFC5A17E42 /* AutomotiveInspectorUITests.xctest */ = {isa = PBXFileReference; explicitFileType = wrapper.cfbundle; includeInIndex = 0; path = "AutomotiveInspectorUITests.xctest"; sourceTree = BUILT_PRODUCTS_DIR; };
    37CA86ED1F2B4095 /* SwiftUI.framework */ = {isa = PBXFileReference; lastKnownFileType = wrapper.framework; name = SwiftUI.framework; path = System/Library/Frameworks/SwiftUI.framework; sourceTree = SDKROOT; };
    /* End PBXFileReference section */

    /* Begin PBXFrameworksBuildPhase section */
    7EFC84395021A6BD /* Frameworks */ = {
      isa = PBXFrameworksBuildPhase;
      buildActionMask = 2147483647;
      files = (
        D30849AC1E26B75F /* SwiftUI.framework in Frameworks */
      );
      runOnlyForDeploymentPostprocessing = 0;
    };
    9EC4BA256D31087F /* Frameworks */ = {
      isa = PBXFrameworksBuildPhase;
      buildActionMask = 2147483647;
      files = (
      );
      runOnlyForDeploymentPostprocessing = 0;
    };
    0C2E3FB789D541A6 /* Frameworks */ = {
      isa = PBXFrameworksBuildPhase;
      buildActionMask = 2147483647;
      files = (
      );
      runOnlyForDeploymentPostprocessing = 0;
    };
    /* End PBXFrameworksBuildPhase section */

    /* Begin PBXGroup section */
    5DBF1E983260A74C /* Main Group */ = {
      isa = PBXGroup;
      children = (
        F54329B170ADC86E /* AutomotiveInspector */,
        C0E56971FD23BA84 /* AutomotiveInspectorTests */,
        FAD5B813C79602E4 /* AutomotiveInspectorUITests */,
        2BF1AE80C79D4563 /* Products */
      );
      sourceTree = "<group>";
    };
    F54329B170ADC86E /* AutomotiveInspector */ = {
      isa = PBXGroup;
      children = (
        1742F639E5A08DBC,
        A182CFB93045D76E,
        207D56B81F9A34CE,
        021E63D97A8C5F4B
      );
      path = "AutomotiveInspector";
      sourceTree = "<group>";
    };
    
    1742F639E5A08DBC /* AutomotiveInspector */ = {
      isa = PBXGroup;
      children = (
        BA218EC09FD74356,
        C019273FD48A5E6B,
        7D03E4FC2615BA98,
        E76C9014D2F3B58A,
        1DE78F690C5B324A,
        34D71F9A6E5B082C,
        EC6F7325BA149D80,
        0B741C9DF32658EA,
        6A71DC058FE3B429,
        6C543B9E2187FA0D,
        057BDA2C41F8E396
      );
      path = "AutomotiveInspector";
      sourceTree = "<group>";
    };
    BA218EC09FD74356 /* AutomotiveInspector.xcodeproj */ = {
      isa = PBXGroup;
      children = (
        70EFA912DB63458C
      );
      path = "AutomotiveInspector.xcodeproj";
      sourceTree = "<group>";
    };
    70EFA912DB63458C /* xcuserdata */ = {
      isa = PBXGroup;
      children = (
        37058AB1CE2F4D69
      );
      path = "xcuserdata";
      sourceTree = "<group>";
    };
    37058AB1CE2F4D69 /* mattmcguinn.xcuserdatad */ = {
      isa = PBXGroup;
      children = (
        DF07B986C1AE2354
      );
      path = "mattmcguinn.xcuserdatad";
      sourceTree = "<group>";
    };
    DF07B986C1AE2354 /* xcschemes */ = {
      isa = PBXGroup;
      children = (
        A6B50ECD714F8239
      );
      path = "xcschemes";
      sourceTree = "<group>";
    };
    C019273FD48A5E6B /* AutomotiveInspector */ = {
      isa = PBXGroup;
      children = (
        7EA0D63B91582CF4,
        01A57DFE82934BC6,
        72CF8D13B5E094A6,
        9DA06E1287BF3C45,
        9AFC15D7B820E364,
        56AD948EC3721B0F,
        B4D80C79EF1A2635,
        01693AD82F5CE74B,
        B1903D746E2C58AF,
        078EC15B3F496D2A,
        0CA12354F79DE8B6
      );
      path = "AutomotiveInspector";
      sourceTree = "<group>";
    };
    7EA0D63B91582CF4 /* Assets.xcassets */ = {
      isa = PBXGroup;
      children = (
        E60BCF81D5A92437,
        27AC30B9E418DF56,
        F3C8674E521BA90D
      );
      path = "Assets.xcassets";
      sourceTree = "<group>";
    };
    E60BCF81D5A92437 /* AccentColor.colorset */ = {
      isa = PBXGroup;
      children = (
        2E74FC1DA306B859
      );
      path = "AccentColor.colorset";
      sourceTree = "<group>";
    };
    27AC30B9E418DF56 /* AppIcon.appiconset */ = {
      isa = PBXGroup;
      children = (
        7E14508FDB936A2C
      );
      path = "AppIcon.appiconset";
      sourceTree = "<group>";
    };
    01A57DFE82934BC6 /* AutomotiveInspector.xcodeproj */ = {
      isa = PBXGroup;
      children = (
        170594ABFD6328CE
      );
      path = "AutomotiveInspector.xcodeproj";
      sourceTree = "<group>";
    };
    170594ABFD6328CE /* xcuserdata */ = {
      isa = PBXGroup;
      children = (
        AC091F7243DE685B
      );
      path = "xcuserdata";
      sourceTree = "<group>";
    };
    AC091F7243DE685B /* mattmcguinn.xcuserdatad */ = {
      isa = PBXGroup;
      children = (
        8D7359A24F160CEB
      );
      path = "mattmcguinn.xcuserdatad";
      sourceTree = "<group>";
    };
    8D7359A24F160CEB /* xcschemes */ = {
      isa = PBXGroup;
      children = (
        3A46C78509B2D1EF
      );
      path = "xcschemes";
      sourceTree = "<group>";
    };
    72CF8D13B5E094A6 /* AutomotiveInspector */ = {
      isa = PBXGroup;
      children = (
        F50EBC94178D6A32,
        316584FD02B97ACE,
        1F02968ECB43AD57,
        40A1CE2BF37D9856,
        9E8A014D27356CFB
      );
      path = "AutomotiveInspector";
      sourceTree = "<group>";
    };
    F50EBC94178D6A32 /* Assets.xcassets */ = {
      isa = PBXGroup;
      children = (
        035CBD1F4A29678E,
        A7809FB1E32645CD,
        F4E06D12B39A5C87
      );
      path = "Assets.xcassets";
      sourceTree = "<group>";
    };
    035CBD1F4A29678E /* AccentColor.colorset */ = {
      isa = PBXGroup;
      children = (
        769BD5821A0CFE34
      );
      path = "AccentColor.colorset";
      sourceTree = "<group>";
    };
    A7809FB1E32645CD /* AppIcon.appiconset */ = {
      isa = PBXGroup;
      children = (
        21DB9340CE5A678F
      );
      path = "AppIcon.appiconset";
      sourceTree = "<group>";
    };
    316584FD02B97ACE /* Services */ = {
      isa = PBXGroup;
      children = (
        53817FAECB420D69
      );
      path = "Services";
      sourceTree = "<group>";
    };
    9DA06E1287BF3C45 /* AutomotiveInspectorTests */ = {
      isa = PBXGroup;
      children = (
        8B5A6C03DE21497F
      );
      path = "AutomotiveInspectorTests";
      sourceTree = "<group>";
    };
    9AFC15D7B820E364 /* AutomotiveInspectorUITests */ = {
      isa = PBXGroup;
      children = (
        3A69EF71DC50B842
      );
      path = "AutomotiveInspectorUITests";
      sourceTree = "<group>";
    };
    56AD948EC3721B0F /* Intents */ = {
      isa = PBXGroup;
      children = (
        049CE75681AF32DB
      );
      path = "Intents";
      sourceTree = "<group>";
    };
    7D03E4FC2615BA98 /* Models */ = {
      isa = PBXGroup;
      children = (
        01A92ED6C78B5F43,
        B609712E5C438DFA
      );
      path = "Models";
      sourceTree = "<group>";
    };
    B4D80C79EF1A2635 /* Services */ = {
      isa = PBXGroup;
      children = (
        6C8FEB57342D10A9
      );
      path = "Services";
      sourceTree = "<group>";
    };
    01693AD82F5CE74B /* ViewModels */ = {
      isa = PBXGroup;
      children = (
        1864370F592ADBCE
      );
      path = "ViewModels";
      sourceTree = "<group>";
    };
    E76C9014D2F3B58A /* Views */ = {
      isa = PBXGroup;
      children = (
        9CD0B8EF175243A6,
        370DE4FC96B182A5
      );
      path = "Views";
      sourceTree = "<group>";
    };
    1DE78F690C5B324A /* AutomotiveInspectorTests */ = {
      isa = PBXGroup;
      children = (
        37465198BFAED20C
      );
      path = "AutomotiveInspectorTests";
      sourceTree = "<group>";
    };
    34D71F9A6E5B082C /* AutomotiveInspectorUITests */ = {
      isa = PBXGroup;
      children = (
        FDE63A9805142C7B
      );
      path = "AutomotiveInspectorUITests";
      sourceTree = "<group>";
    };
    EC6F7325BA149D80 /* Intents */ = {
      isa = PBXGroup;
      children = (
        87501DA4E9BCF623
      );
      path = "Intents";
      sourceTree = "<group>";
    };
    0B741C9DF32658EA /* Services */ = {
      isa = PBXGroup;
      children = (
        017F85624D9BAE3C
      );
      path = "Services";
      sourceTree = "<group>";
    };
    6A71DC058FE3B429 /* ViewModels */ = {
      isa = PBXGroup;
      children = (
        907B26D1C4E5FA83
      );
      path = "ViewModels";
      sourceTree = "<group>";
    };
    A182CFB93045D76E /* AutomotiveInspectorTests */ = {
      isa = PBXGroup;
      children = (
        E4B6F31207A98DC5
      );
      path = "AutomotiveInspectorTests";
      sourceTree = "<group>";
    };
    207D56B81F9A34CE /* AutomotiveInspectorUITests */ = {
      isa = PBXGroup;
      children = (
        205D3C9BE8AF1647
      );
      path = "AutomotiveInspectorUITests";
      sourceTree = "<group>";
    };
    C0E56971FD23BA84 /* AutomotiveInspectorTests */ = {
      isa = PBXGroup;
      children = (
        C019D268735F4AEB /* AutomotiveInspectorTests.swift */
      );
      path = "AutomotiveInspectorTests";
      sourceTree = "<group>";
    };
    FAD5B813C79602E4 /* AutomotiveInspectorUITests */ = {
      isa = PBXGroup;
      children = (
        645321DE90A7BF8C /* AutomotiveInspectorUITests.swift */
      );
      path = "AutomotiveInspectorUITests";
      sourceTree = "<group>";
    };
    2BF1AE80C79D4563 /* Products */ = {
      isa = PBXGroup;
      children = (
        018FB23C7459ADE6 /* AutomotiveInspector.app */,
        6F438712C0EB95AD /* AutomotiveInspectorTests.xctest */,
        60983DBFC5A17E42 /* AutomotiveInspectorUITests.xctest */
      );
      name = Products;
      sourceTree = "<group>";
    };
    /* End PBXGroup section */

    /* Begin PBXNativeTarget section */
    832760D14AF9CBE5 /* AutomotiveInspector */ = {
      isa = PBXNativeTarget;
      buildConfigurationList = C0182AD5E3796F4B /* Build configuration list for PBXNativeTarget "AutomotiveInspector" */;
      buildPhases = (
        7F4AB50C618E293D /* Sources */,
        7EFC84395021A6BD /* Frameworks */
      );
      buildRules = (
      );
      dependencies = (
      );
      name = "AutomotiveInspector";
      productName = "AutomotiveInspector";
      productReference = 018FB23C7459ADE6 /* AutomotiveInspector.app */;
      productType = "com.apple.product-type.application";
    };
    76B854FC39A21ED0 /* AutomotiveInspectorTests */ = {
      isa = PBXNativeTarget;
      buildConfigurationList = F7BD190CA826E345 /* Build configuration list for PBXNativeTarget "AutomotiveInspectorTests" */;
      buildPhases = (
        213BC0D459A6F78E /* Sources */,
        9EC4BA256D31087F /* Frameworks */
      );
      buildRules = (
      );
      dependencies = (
        07EA18BD263C9F45 /* PBXTargetDependency */
      );
      name = "AutomotiveInspectorTests";
      productName = "AutomotiveInspectorTests";
      productReference = 6F438712C0EB95AD /* AutomotiveInspectorTests.xctest */;
      productType = "com.apple.product-type.bundle.unit-test";
    };
    A94653EDC18B072F /* AutomotiveInspectorUITests */ = {
      isa = PBXNativeTarget;
      buildConfigurationList = 601AE57DC8F49B32 /* Build configuration list for PBXNativeTarget "AutomotiveInspectorUITests" */;
      buildPhases = (
        DB501C876FE4239A /* Sources */,
        0C2E3FB789D541A6 /* Frameworks */
      );
      buildRules = (
      );
      dependencies = (
        D13268F0754E9ABC /* PBXTargetDependency */
      );
      name = "AutomotiveInspectorUITests";
      productName = "AutomotiveInspectorUITests";
      productReference = 60983DBFC5A17E42 /* AutomotiveInspectorUITests.xctest */;
      productType = "com.apple.product-type.bundle.ui-testing";
    };
    /* End PBXNativeTarget section */

    /* Begin PBXProject section */
    30B47FC9521D8A6E /* Project object */ = {
      isa = PBXProject;
      attributes = {
        LastSwiftUpdateCheck = 1500;
        LastUpgradeCheck = 1500;
        TargetAttributes = {
          832760D14AF9CBE5 = {
            CreatedOnToolsVersion = 15.0;
          };
          76B854FC39A21ED0 = {
            CreatedOnToolsVersion = 15.0;
            TestTargetID = 832760D14AF9CBE5;
          };
          A94653EDC18B072F = {
            CreatedOnToolsVersion = 15.0;
            TestTargetID = 832760D14AF9CBE5;
          };
        };
      };
      buildConfigurationList = F62B1C4AE758039D /* Build configuration list for PBXProject "AutomotiveInspector" */;
      compatibilityVersion = "Xcode 14.0";
      developmentRegion = en;
      hasScannedForEncodings = 0;
      knownRegions = (
        en,
        Base
      );
      mainGroup = 5DBF1E983260A74C;
      productRefGroup = 2BF1AE80C79D4563 /* Products */;
      projectDirPath = "";
      projectRoot = "";
      targets = (
        832760D14AF9CBE5 /* AutomotiveInspector */,
        76B854FC39A21ED0 /* AutomotiveInspectorTests */,
        A94653EDC18B072F /* AutomotiveInspectorUITests */
      );
    };
    /* End PBXProject section */

    /* Begin PBXSourcesBuildPhase section */
    7F4AB50C618E293D /* Sources */ = {
      isa = PBXSourcesBuildPhase;
      buildActionMask = 2147483647;
      files = (
        CFE7B0DA38146925,
        62BA9C1D03754FE8,
        26EAF49BC817D305,
        0576D3B218CE4A9F,
        01FA65D89C2BE347,
        68A03FB2D17C495E,
        70E9B1FD5386C2A4,
        0F9A128EC37645BD,
        014F82EB93C5A67D,
        172CFBE40D8359A6,
        36EA28BC1947D0F5,
        D1EABC97F4685023,
        70312A869CD4E5FB,
        21CF943B086D7A5E,
        BD4F8352910A6C7E,
        A3E59D8624F1B70C,
        2E6B197F804AD35C,
        0F541C27BD9A86E3,
        F0C6951DA87E2B34,
        721048F69D5A3ECB,
        0BD127F346895ECA,
        0C1E7DB43658A29F,
        F09A146C75EBD823,
        DB29AE8051643F7C,
        72359AC4F0D816EB,
        E01B5AD476C82F39,
        B549A73C2F168D0E,
        D3E5149BC26A087F,
        E0F31427D895CB6A,
        06AE783FC25B941D,
        1EDBF802374A95C6,
        136F2E49DC058A7B,
        0397F1526D4CEAB8,
        ED0A714629385FBC
      );
      runOnlyForDeploymentPostprocessing = 0;
    };
    213BC0D459A6F78E /* Sources */ = {
      isa = PBXSourcesBuildPhase;
      buildActionMask = 2147483647;
      files = (
        0E146578D2C9AF3B /* AutomotiveInspectorTests.swift in Sources */
      );
      runOnlyForDeploymentPostprocessing = 0;
    };
    DB501C876FE4239A /* Sources */ = {
      isa = PBXSourcesBuildPhase;
      buildActionMask = 2147483647;
      files = (
        130A78264CFD95BE /* AutomotiveInspectorUITests.swift in Sources */
      );
      runOnlyForDeploymentPostprocessing = 0;
    };
    /* End PBXSourcesBuildPhase section */

    /* Begin PBXContainerItemProxy section */
    495201D7E8ACF3B6 /* PBXContainerItemProxy */ = {
      isa = PBXContainerItemProxy;
      containerPortal = 30B47FC9521D8A6E /* Project object */;
      proxyType = 1;
      remoteGlobalIDString = 832760D14AF9CBE5;
      remoteInfo = "AutomotiveInspector";
    };
    D68C0E9F45172A3B /* PBXContainerItemProxy */ = {
      isa = PBXContainerItemProxy;
      containerPortal = 30B47FC9521D8A6E /* Project object */;
      proxyType = 1;
      remoteGlobalIDString = 832760D14AF9CBE5;
      remoteInfo = "AutomotiveInspector";
    };
    /* End PBXContainerItemProxy section */

    /* Begin PBXTargetDependency section */
    07EA18BD263C9F45 /* PBXTargetDependency */ = {
      isa = PBXTargetDependency;
      target = 832760D14AF9CBE5 /* AutomotiveInspector */;
      targetProxy = 495201D7E8ACF3B6 /* PBXContainerItemProxy */;
    };
    D13268F0754E9ABC /* PBXTargetDependency */ = {
      isa = PBXTargetDependency;
      target = 832760D14AF9CBE5 /* AutomotiveInspector */;
      targetProxy = D68C0E9F45172A3B /* PBXContainerItemProxy */;
    };
    /* End PBXTargetDependency section */

    /* Begin XCBuildConfiguration section */
    E098D12A3F456B7C /* Debug */ = {
      isa = XCBuildConfiguration;
      buildSettings = {
        ALWAYS_SEARCH_USER_PATHS = NO;
        ASSETCATALOG_COMPILER_APPICON_NAME = AppIcon;
        ASSETCATALOG_COMPILER_GLOBAL_ACCENT_COLOR_NAME = AccentColor;
        CLANG_ANALYZER_NONNULL = YES;
        CLANG_ANALYZER_NUMBER_OBJECT_CONVERSION = YES_AGGRESSIVE;
        CLANG_CXX_LANGUAGE_STANDARD = "gnu++20";
        CLANG_ENABLE_MODULES = YES;
        CLANG_ENABLE_OBJC_ARC = YES;
        CLANG_ENABLE_OBJC_WEAK = YES;
        CODE_SIGN_STYLE = Automatic;
        CURRENT_PROJECT_VERSION = 1;
        DEVELOPMENT_ASSET_PATHS = "";
        DEVELOPMENT_TEAM = "";
        ENABLE_PREVIEWS = YES;
        ENABLE_STRICT_OBJC_MSGSEND = YES;
        ENABLE_TESTABILITY = YES;
        FRAMEWORK_SEARCH_PATHS = (
          "$(inherited)",
          "$(SDKROOT)/System/Library/Frameworks"
        );
        GCC_C_LANGUAGE_STANDARD = gnu11;
        GCC_DYNAMIC_NO_PIC = NO;
        GCC_NO_COMMON_BLOCKS = YES;
        GCC_OPTIMIZATION_LEVEL = 0;
        GCC_PREPROCESSOR_DEFINITIONS = (
          "DEBUG=1",
          "$(inherited)",
        );
        GENERATE_INFOPLIST_FILE = YES;
        INFOPLIST_KEY_UIApplicationSceneManifest_Generation = YES;
        INFOPLIST_KEY_UILaunchScreen_Generation = YES;
        IPHONEOS_DEPLOYMENT_TARGET = 15.0;
        LD_RUNPATH_SEARCH_PATHS = (
          "$(inherited)",
          "@executable_path/Frameworks",
        );
        MARKETING_VERSION = 1.0;
        MTL_ENABLE_DEBUG_INFO = INCLUDE_SOURCE;
        MTL_FAST_MATH = YES;
        ONLY_ACTIVE_ARCH = YES;
        PRODUCT_BUNDLE_IDENTIFIER = "com.example.automotiveinspector";
        PRODUCT_NAME = "$(TARGET_NAME)";
        SDKROOT = iphoneos;
        SUPPORTED_PLATFORMS = "iphoneos iphonesimulator";
        SUPPORTS_MACCATALYST = NO;
        SUPPORTS_MAC_DESIGNED_FOR_IPHONE_IPAD = NO;
        SWIFT_ACTIVE_COMPILATION_CONDITIONS = DEBUG;
        SWIFT_EMIT_LOC_STRINGS = YES;
        SWIFT_OPTIMIZATION_LEVEL = "-Onone";
        SWIFT_VERSION = 5.0;
        TARGETED_DEVICE_FAMILY = "1,2";
      };
      name = Debug;
    };
    C01267D34F8A95BE /* Release */ = {
      isa = XCBuildConfiguration;
      buildSettings = {
        ALWAYS_SEARCH_USER_PATHS = NO;
        ASSETCATALOG_COMPILER_APPICON_NAME = AppIcon;
        ASSETCATALOG_COMPILER_GLOBAL_ACCENT_COLOR_NAME = AccentColor;
        CLANG_ANALYZER_NONNULL = YES;
        CLANG_ANALYZER_NUMBER_OBJECT_CONVERSION = YES_AGGRESSIVE;
        CLANG_CXX_LANGUAGE_STANDARD = "gnu++20";
        CLANG_ENABLE_MODULES = YES;
        CLANG_ENABLE_OBJC_ARC = YES;
        CLANG_ENABLE_OBJC_WEAK = YES;
        CODE_SIGN_STYLE = Automatic;
        COPY_PHASE_STRIP = NO;
        CURRENT_PROJECT_VERSION = 1;
        DEVELOPMENT_ASSET_PATHS = "";
        DEVELOPMENT_TEAM = "";
        ENABLE_NS_ASSERTIONS = NO;
        ENABLE_PREVIEWS = YES;
        ENABLE_STRICT_OBJC_MSGSEND = YES;
        FRAMEWORK_SEARCH_PATHS = (
          "$(inherited)",
          "$(SDKROOT)/System/Library/Frameworks"
        );
        GCC_C_LANGUAGE_STANDARD = gnu11;
        GCC_NO_COMMON_BLOCKS = YES;
        GENERATE_INFOPLIST_FILE = YES;
        INFOPLIST_KEY_UIApplicationSceneManifest_Generation = YES;
        INFOPLIST_KEY_UILaunchScreen_Generation = YES;
        IPHONEOS_DEPLOYMENT_TARGET = 15.0;
        LD_RUNPATH_SEARCH_PATHS = (
          "$(inherited)",
          "@executable_path/Frameworks",
        );
        MARKETING_VERSION = 1.0;
        MTL_ENABLE_DEBUG_INFO = NO;
        MTL_FAST_MATH = YES;
        PRODUCT_BUNDLE_IDENTIFIER = "com.example.automotiveinspector";
        PRODUCT_NAME = "$(TARGET_NAME)";
        SDKROOT = iphoneos;
        SUPPORTED_PLATFORMS = "iphoneos iphonesimulator";
        SUPPORTS_MACCATALYST = NO;
        SUPPORTS_MAC_DESIGNED_FOR_IPHONE_IPAD = NO;
        SWIFT_COMPILATION_MODE = wholemodule;
        SWIFT_EMIT_LOC_STRINGS = YES;
        SWIFT_OPTIMIZATION_LEVEL = "-O";
        SWIFT_VERSION = 5.0;
        TARGETED_DEVICE_FAMILY = "1,2";
        VALIDATE_PRODUCT = YES;
      };
      name = Release;
    };
    D2B6C08734FA159E /* Debug */ = {
      isa = XCBuildConfiguration;
      buildSettings = {
        BUNDLE_LOADER = "$(TEST_HOST)";
        CODE_SIGN_STYLE = Automatic;
        CURRENT_PROJECT_VERSION = 1;
        GENERATE_INFOPLIST_FILE = YES;
        IPHONEOS_DEPLOYMENT_TARGET = 15.0;
        MARKETING_VERSION = 1.0;
        PRODUCT_BUNDLE_IDENTIFIER = "com.example.automotiveinspector.Tests";
        PRODUCT_NAME = "$(TARGET_NAME)";
        SDKROOT = iphoneos;
        SUPPORTED_PLATFORMS = "iphoneos iphonesimulator";
        SUPPORTS_MACCATALYST = NO;
        SUPPORTS_MAC_DESIGNED_FOR_IPHONE_IPAD = NO;
        SWIFT_EMIT_LOC_STRINGS = NO;
        SWIFT_VERSION = 5.0;
        TARGETED_DEVICE_FAMILY = "1,2";
        TEST_HOST = "$(BUILT_PRODUCTS_DIR)/AutomotiveInspector.app/$(BUNDLE_EXECUTABLE_FOLDER_PATH)/AutomotiveInspector";
      };
      name = Debug;
    };
    2379AF85C14ED06B /* Release */ = {
      isa = XCBuildConfiguration;
      buildSettings = {
        BUNDLE_LOADER = "$(TEST_HOST)";
        CODE_SIGN_STYLE = Automatic;
        CURRENT_PROJECT_VERSION = 1;
        GENERATE_INFOPLIST_FILE = YES;
        IPHONEOS_DEPLOYMENT_TARGET = 15.0;
        MARKETING_VERSION = 1.0;
        PRODUCT_BUNDLE_IDENTIFIER = "com.example.automotiveinspector.Tests";
        PRODUCT_NAME = "$(TARGET_NAME)";
        SDKROOT = iphoneos;
        SUPPORTED_PLATFORMS = "iphoneos iphonesimulator";
        SUPPORTS_MACCATALYST = NO;
        SUPPORTS_MAC_DESIGNED_FOR_IPHONE_IPAD = NO;
        SWIFT_EMIT_LOC_STRINGS = NO;
        SWIFT_VERSION = 5.0;
        TARGETED_DEVICE_FAMILY = "1,2";
        TEST_HOST = "$(BUILT_PRODUCTS_DIR)/AutomotiveInspector.app/$(BUNDLE_EXECUTABLE_FOLDER_PATH)/AutomotiveInspector";
        VALIDATE_PRODUCT = YES;
      };
      name = Release;
    };
    35E8B267F01CA94D /* Debug */ = {
      isa = XCBuildConfiguration;
      buildSettings = {
        CODE_SIGN_STYLE = Automatic;
        CURRENT_PROJECT_VERSION = 1;
        GENERATE_INFOPLIST_FILE = YES;
        MARKETING_VERSION = 1.0;
        PRODUCT_BUNDLE_IDENTIFIER = "com.example.automotiveinspector.UITests";
        PRODUCT_NAME = "$(TARGET_NAME)";
        SDKROOT = iphoneos;
        SUPPORTED_PLATFORMS = "iphoneos iphonesimulator";
        SUPPORTS_MACCATALYST = NO;
        SUPPORTS_MAC_DESIGNED_FOR_IPHONE_IPAD = NO;
        SWIFT_EMIT_LOC_STRINGS = NO;
        SWIFT_VERSION = 5.0;
        TARGETED_DEVICE_FAMILY = "1,2";
        TEST_TARGET_NAME = AutomotiveInspector;
      };
      name = Debug;
    };
    CD1FAE872365490B /* Release */ = {
      isa = XCBuildConfiguration;
      buildSettings = {
        CODE_SIGN_STYLE = Automatic;
        CURRENT_PROJECT_VERSION = 1;
        GENERATE_INFOPLIST_FILE = YES;
        MARKETING_VERSION = 1.0;
        PRODUCT_BUNDLE_IDENTIFIER = "com.example.automotiveinspector.UITests";
        PRODUCT_NAME = "$(TARGET_NAME)";
        SDKROOT = iphoneos;
        SUPPORTED_PLATFORMS = "iphoneos iphonesimulator";
        SUPPORTS_MACCATALYST = NO;
        SUPPORTS_MAC_DESIGNED_FOR_IPHONE_IPAD = NO;
        SWIFT_EMIT_LOC_STRINGS = NO;
        SWIFT_VERSION = 5.0;
        TARGETED_DEVICE_FAMILY = "1,2";
        TEST_TARGET_NAME = AutomotiveInspector;
        VALIDATE_PRODUCT = YES;
      };
      name = Release;
    };
    /* End XCBuildConfiguration section */

    /* Begin XCConfigurationList section */
    F62B1C4AE758039D /* Build configuration list for PBXProject "AutomotiveInspector" */ = {
      isa = XCConfigurationList;
      buildConfigurations = (
        E098D12A3F456B7C /* Debug */,
        C01267D34F8A95BE /* Release */
      );
      defaultConfigurationIsVisible = 0;
      defaultConfigurationName = Release;
    };
    C0182AD5E3796F4B /* Build configuration list for PBXNativeTarget "AutomotiveInspector" */ = {
      isa = XCConfigurationList;
      buildConfigurations = (
        E098D12A3F456B7C /* Debug */,
        C01267D34F8A95BE /* Release */
      );
      defaultConfigurationIsVisible = 0;
      defaultConfigurationName = Release;
    };
    F7BD190CA826E345 /* Build configuration list for PBXNativeTarget "AutomotiveInspectorTests" */ = {
      isa = XCConfigurationList;
      buildConfigurations = (
        D2B6C08734FA159E /* Debug */,
        2379AF85C14ED06B /* Release */
      );
      defaultConfigurationIsVisible = 0;
      defaultConfigurationName = Release;
    };
    601AE57DC8F49B32 /* Build configuration list for PBXNativeTarget "AutomotiveInspectorUITests" */ = {
      isa = XCConfigurationList;
      buildConfigurations = (
        35E8B267F01CA94D /* Debug */,
        CD1FAE872365490B /* Release */
      );
      defaultConfigurationIsVisible = 0;
      defaultConfigurationName = Release;
    };
    /* End XCConfigurationList section */

  };
  rootObject = 30B47FC9521D8A6E /* Project object */;
}
