// !$*UTF8*$!
{
  archiveVersion = 1;
  classes = {
  };
  objectVersion = 56;
  objects = {

    /* Begin PBXBuildFile section */
    123FE587DC46A09B /* xcschememanagement.plist in Sources */ = {isa = PBXBuildFile; fileRef = E314A98D025FC67B; };
    F21675B3E0AC948D /* Contents.json in Sources */ = {isa = PBXBuildFile; fileRef = 75B80C1A432F69DE; };
    160A34E9FB2C57D8 /* Contents.json in Sources */ = {isa = PBXBuildFile; fileRef = 83ABF457D02EC169; };
    2538FD190BA6C74E /* Contents.json in Sources */ = {isa = PBXBuildFile; fileRef = B92736A451C8E0FD; };
    C17A6E249B3F8D05 /* xcschememanagement.plist in Sources */ = {isa = PBXBuildFile; fileRef = 71605F2C3489BEAD; };
    67FBD038C1429AE5 /* Contents.json in Sources */ = {isa = PBXBuildFile; fileRef = 6190B5DA283E7C4F; };
    B2359F84CE16D0A7 /* Contents.json in Sources */ = {isa = PBXBuildFile; fileRef = 361B54A8DCE072F9; };
    C6325EF7DB84109A /* Contents.json in Sources */ = {isa = PBXBuildFile; fileRef = 6438F52CB197A0ED; };
    E0758B3F6C4D19A2 /* xcschememanagement.plist in Sources */ = {isa = PBXBuildFile; fileRef = 3F2789BA61D504CE; };
    F14DC560B3A7982E /* Contents.json in Sources */ = {isa = PBXBuildFile; fileRef = 903DCEF67B5184A2; };
    DE0A581726FB934C /* Contents.json in Sources */ = {isa = PBXBuildFile; fileRef = 016584CFEDA97B32; };
    748D05FBCA31296E /* Contents.json in Sources */ = {isa = PBXBuildFile; fileRef = E48915AC3D27BF06; };
    0F7E293ACBD41568 /* ContentView.swift in Sources */ = {isa = PBXBuildFile; fileRef = 1EFC5476028BD3A9; };
    03BA54C128679DFE /* Item.swift in Sources */ = {isa = PBXBuildFile; fileRef = 76208415BEDACF39; };
    D40826E9C73BA15F /* README.md in Sources */ = {isa = PBXBuildFile; fileRef = A7230E6189D4FC5B; };
    0CABD71389EF5426 /* IngestionService.swift in Sources */ = {isa = PBXBuildFile; fileRef = 3805D16C49EA2F7B; };
    97B10FAD6482C35E /* AutomotiveInspectorApp.swift in Sources */ = {isa = PBXBuildFile; fileRef = C72EFA635B149D08; };
    A6790B84F1E3C2D5 /* AutomotiveInspectorTests.swift in Sources */ = {isa = PBXBuildFile; fileRef = 473F58210BC9AD6E; };
    0B6F158E429C73AD /* AutomotiveInspectorUITests.swift in Sources */ = {isa = PBXBuildFile; fileRef = 7081B2E4DA635F9C; };
    589B70DF4316A2EC /* ContentView.swift in Sources */ = {isa = PBXBuildFile; fileRef = 95DCE3F8106B24A7; };
    A5217F06DCB3948E /* ScheduleEventIntent.swift in Sources */ = {isa = PBXBuildFile; fileRef = 43291B8706EA5DFC; };
    019FE5768BD24AC3 /* Item.swift in Sources */ = {isa = PBXBuildFile; fileRef = D53B2C4A810EF967; };
    63C27F5A480B9D1E /* CalendarEvent.swift in Sources */ = {isa = PBXBuildFile; fileRef = 872D410EC3B5A6F9; };
    E4350A1D267F89BC /* README.md in Sources */ = {isa = PBXBuildFile; fileRef = 8FD0327964CEBA51; };
    0C4162D3975FEA8B /* IngestionService.swift in Sources */ = {isa = PBXBuildFile; fileRef = A76BD93248FEC105; };
    025A79DB38C46F1E /* CalendarViewModel.swift in Sources */ = {isa = PBXBuildFile; fileRef = 3C9EDB5214708FA6; };
    B176D03428C59AFE /* DashboardView.swift in Sources */ = {isa = PBXBuildFile; fileRef = 738924D61A0F5BCE; };
    1DF82634B79AC05E /* AutomotiveInspectorApp.swift in Sources */ = {isa = PBXBuildFile; fileRef = E16897B4DF02A35C; };
    108E76B4F39CD25A /* AutomotiveInspectorTests.swift in Sources */ = {isa = PBXBuildFile; fileRef = 40D123875B6AFE9C; };
    E3A46B9C8D70512F /* AutomotiveInspectorUITests.swift in Sources */ = {isa = PBXBuildFile; fileRef = 0681EAFC2B75439D; };
    2D14BAF308C65E97 /* ContentView.swift in Sources */ = {isa = PBXBuildFile; fileRef = A0127E3F45CB968D; };
    3254861B9AD7FE0C /* ScheduleEventIntent.swift in Sources */ = {isa = PBXBuildFile; fileRef = 97B13AE528DC40F6; };
    BA38197D6C0F245E /* Item.swift in Sources */ = {isa = PBXBuildFile; fileRef = 5498EF3A621C07BD; };
    01A295CD347BF6E8 /* CalendarEvent.swift in Sources */ = {isa = PBXBuildFile; fileRef = 3D0796824A1F5CBE; };
    BAEF97218D4C3065 /* README.md in Sources */ = {isa = PBXBuildFile; fileRef = CA012576ED3B4F89; };
    E0C67132A845B9FD /* EventSyncManager.swift in Sources */ = {isa = PBXBuildFile; fileRef = 6D9CB0A43F8125E7; };
    FE06B1A57C24D839 /* ExtractionService.swift in Sources */ = {isa = PBXBuildFile; fileRef = 236C8E5F97BD1A04; };
    E93B5DC218F0746A /* IngestionService.swift in Sources */ = {isa = PBXBuildFile; fileRef = 2387D9AB41EC05F6; };
    32C679FAD1B4E058 /* CalendarViewModel.swift in Sources */ = {isa = PBXBuildFile; fileRef = 7E4C069F812BA53D; };
    1F48DA0EB572396C /* DashboardView.swift in Sources */ = {isa = PBXBuildFile; fileRef = 57948E3F21D0AB6C; };
    083E459A7FD1B26C /* AutomotiveInspectorTests.swift in Sources */ = {isa = PBXBuildFile; fileRef = 59023F7DBC4E81A6; };
    0C1D2345E6789ABF /* AutomotiveInspectorUITests.swift in Sources */ = {isa = PBXBuildFile; fileRef = 7D8031942ECFBA56; };
    317EB4D062FCA589 /* ScheduleEventIntent.swift in Sources */ = {isa = PBXBuildFile; fileRef = 05C34D12B769AF8E; };
    E6C50B184F7DA923 /* CalendarEvent.swift in Sources */ = {isa = PBXBuildFile; fileRef = 012834B97A5DEC6F; };
    F4D785B21603A9CE /* README.md in Sources */ = {isa = PBXBuildFile; fileRef = E3A0578C6F1B492D; };
    C382E7416D09BA5F /* IngestionService.swift in Sources */ = {isa = PBXBuildFile; fileRef = 40FAED612795B83C; };
    E28310CB4F597A6D /* CalendarViewModel.swift in Sources */ = {isa = PBXBuildFile; fileRef = 56F42CA831D7B90E; };
    20D8EC95F1A367B4 /* DashboardView.swift in Sources */ = {isa = PBXBuildFile; fileRef = 9D2F5386A7B410EC; };
    0571ADF46E28B93C /* AutomotiveInspectorTests.swift in Sources */ = {isa = PBXBuildFile; fileRef = 238E1C4ADF605B79; };
    3E6B8721DA409FC5 /* AutomotiveInspectorUITests.swift in Sources */ = {isa = PBXBuildFile; fileRef = BFE10978C632A45D; };
    A783D65B0FC1492E /* README.md in Sources */ = {isa = PBXBuildFile; fileRef = 0167C5FE283B4A9D; };
    E69238DF074C1BA5 /* AutomotiveInspectorTests.swift in Sources */ = {isa = PBXBuildFile; fileRef = 5C0EB879DF1426A3; };
    AEB21F4057D3986C /* AutomotiveInspectorUITests.swift in Sources */ = {isa = PBXBuildFile; fileRef = 291867ED5F034ABC; };
    D56F43C281B79A0E /* SwiftUI.framework in Frameworks */ = {isa = PBXBuildFile; fileRef = F35DB6A4C019827E; };
    /* End PBXBuildFile section */

    /* Begin PBXFileReference section */
    F3057D8214EBA96C /* AutomotiveInspector.app */ = {isa = PBXFileReference; explicitFileType = wrapper.application; includeInIndex = 0; path = "AutomotiveInspector.app"; sourceTree = BUILT_PRODUCTS_DIR; };
    E314A98D025FC67B /* xcschememanagement.plist */ = {isa = PBXFileReference; lastKnownFileType = text.plist.xml; path = "xcschememanagement.plist"; sourceTree = "<group>"; };
    75B80C1A432F69DE /* Contents.json */ = {isa = PBXFileReference; lastKnownFileType = text.json; path = "Contents.json"; sourceTree = "<group>"; };
    83ABF457D02EC169 /* Contents.json */ = {isa = PBXFileReference; lastKnownFileType = text.json; path = "Contents.json"; sourceTree = "<group>"; };
    B92736A451C8E0FD /* Contents.json */ = {isa = PBXFileReference; lastKnownFileType = text.json; path = "Contents.json"; sourceTree = "<group>"; };
    71605F2C3489BEAD /* xcschememanagement.plist */ = {isa = PBXFileReference; lastKnownFileType = text.plist.xml; path = "xcschememanagement.plist"; sourceTree = "<group>"; };
    6190B5DA283E7C4F /* Contents.json */ = {isa = PBXFileReference; lastKnownFileType = text.json; path = "Contents.json"; sourceTree = "<group>"; };
    361B54A8DCE072F9 /* Contents.json */ = {isa = PBXFileReference; lastKnownFileType = text.json; path = "Contents.json"; sourceTree = "<group>"; };
    6438F52CB197A0ED /* Contents.json */ = {isa = PBXFileReference; lastKnownFileType = text.json; path = "Contents.json"; sourceTree = "<group>"; };
    3F2789BA61D504CE /* xcschememanagement.plist */ = {isa = PBXFileReference; lastKnownFileType = text.plist.xml; path = "xcschememanagement.plist"; sourceTree = "<group>"; };
    903DCEF67B5184A2 /* Contents.json */ = {isa = PBXFileReference; lastKnownFileType = text.json; path = "Contents.json"; sourceTree = "<group>"; };
    016584CFEDA97B32 /* Contents.json */ = {isa = PBXFileReference; lastKnownFileType = text.json; path = "Contents.json"; sourceTree = "<group>"; };
    E48915AC3D27BF06 /* Contents.json */ = {isa = PBXFileReference; lastKnownFileType = text.json; path = "Contents.json"; sourceTree = "<group>"; };
    1EFC5476028BD3A9 /* ContentView.swift */ = {isa = PBXFileReference; lastKnownFileType = sourcecode.swift; path = "ContentView.swift"; sourceTree = "<group>"; };
    76208415BEDACF39 /* Item.swift */ = {isa = PBXFileReference; lastKnownFileType = sourcecode.swift; path = "Item.swift"; sourceTree = "<group>"; };
    A7230E6189D4FC5B /* README.md */ = {isa = PBXFileReference; lastKnownFileType = text.markdown; path = "README.md"; sourceTree = "<group>"; };
    3805D16C49EA2F7B /* IngestionService.swift */ = {isa = PBXFileReference; lastKnownFileType = sourcecode.swift; path = "IngestionService.swift"; sourceTree = "<group>"; };
    C72EFA635B149D08 /* AutomotiveInspectorApp.swift */ = {isa = PBXFileReference; lastKnownFileType = sourcecode.swift; path = "AutomotiveInspectorApp.swift"; sourceTree = "<group>"; };
    473F58210BC9AD6E /* AutomotiveInspectorTests.swift */ = {isa = PBXFileReference; lastKnownFileType = sourcecode.swift; path = "AutomotiveInspectorTests.swift"; sourceTree = "<group>"; };
    7081B2E4DA635F9C /* AutomotiveInspectorUITests.swift */ = {isa = PBXFileReference; lastKnownFileType = sourcecode.swift; path = "AutomotiveInspectorUITests.swift"; sourceTree = "<group>"; };
    95DCE3F8106B24A7 /* ContentView.swift */ = {isa = PBXFileReference; lastKnownFileType = sourcecode.swift; path = "ContentView.swift"; sourceTree = "<group>"; };
    43291B8706EA5DFC /* ScheduleEventIntent.swift */ = {isa = PBXFileReference; lastKnownFileType = sourcecode.swift; path = "ScheduleEventIntent.swift"; sourceTree = "<group>"; };
    D53B2C4A810EF967 /* Item.swift */ = {isa = PBXFileReference; lastKnownFileType = sourcecode.swift; path = "Item.swift"; sourceTree = "<group>"; };
    872D410EC3B5A6F9 /* CalendarEvent.swift */ = {isa = PBXFileReference; lastKnownFileType = sourcecode.swift; path = "CalendarEvent.swift"; sourceTree = "<group>"; };
    8FD0327964CEBA51 /* README.md */ = {isa = PBXFileReference; lastKnownFileType = text.markdown; path = "README.md"; sourceTree = "<group>"; };
    A76BD93248FEC105 /* IngestionService.swift */ = {isa = PBXFileReference; lastKnownFileType = sourcecode.swift; path = "IngestionService.swift"; sourceTree = "<group>"; };
    3C9EDB5214708FA6 /* CalendarViewModel.swift */ = {isa = PBXFileReference; lastKnownFileType = sourcecode.swift; path = "CalendarViewModel.swift"; sourceTree = "<group>"; };
    738924D61A0F5BCE /* DashboardView.swift */ = {isa = PBXFileReference; lastKnownFileType = sourcecode.swift; path = "DashboardView.swift"; sourceTree = "<group>"; };
    E16897B4DF02A35C /* AutomotiveInspectorApp.swift */ = {isa = PBXFileReference; lastKnownFileType = sourcecode.swift; path = "AutomotiveInspectorApp.swift"; sourceTree = "<group>"; };
    40D123875B6AFE9C /* AutomotiveInspectorTests.swift */ = {isa = PBXFileReference; lastKnownFileType = sourcecode.swift; path = "AutomotiveInspectorTests.swift"; sourceTree = "<group>"; };
    0681EAFC2B75439D /* AutomotiveInspectorUITests.swift */ = {isa = PBXFileReference; lastKnownFileType = sourcecode.swift; path = "AutomotiveInspectorUITests.swift"; sourceTree = "<group>"; };
    A0127E3F45CB968D /* ContentView.swift */ = {isa = PBXFileReference; lastKnownFileType = sourcecode.swift; path = "ContentView.swift"; sourceTree = "<group>"; };
    97B13AE528DC40F6 /* ScheduleEventIntent.swift */ = {isa = PBXFileReference; lastKnownFileType = sourcecode.swift; path = "ScheduleEventIntent.swift"; sourceTree = "<group>"; };
    5498EF3A621C07BD /* Item.swift */ = {isa = PBXFileReference; lastKnownFileType = sourcecode.swift; path = "Item.swift"; sourceTree = "<group>"; };
    3D0796824A1F5CBE /* CalendarEvent.swift */ = {isa = PBXFileReference; lastKnownFileType = sourcecode.swift; path = "CalendarEvent.swift"; sourceTree = "<group>"; };
    CA012576ED3B4F89 /* README.md */ = {isa = PBXFileReference; lastKnownFileType = text.markdown; path = "README.md"; sourceTree = "<group>"; };
    6D9CB0A43F8125E7 /* EventSyncManager.swift */ = {isa = PBXFileReference; lastKnownFileType = sourcecode.swift; path = "EventSyncManager.swift"; sourceTree = "<group>"; };
    236C8E5F97BD1A04 /* ExtractionService.swift */ = {isa = PBXFileReference; lastKnownFileType = sourcecode.swift; path = "ExtractionService.swift"; sourceTree = "<group>"; };
    2387D9AB41EC05F6 /* IngestionService.swift */ = {isa = PBXFileReference; lastKnownFileType = sourcecode.swift; path = "IngestionService.swift"; sourceTree = "<group>"; };
    7E4C069F812BA53D /* CalendarViewModel.swift */ = {isa = PBXFileReference; lastKnownFileType = sourcecode.swift; path = "CalendarViewModel.swift"; sourceTree = "<group>"; };
    57948E3F21D0AB6C /* DashboardView.swift */ = {isa = PBXFileReference; lastKnownFileType = sourcecode.swift; path = "DashboardView.swift"; sourceTree = "<group>"; };
    59023F7DBC4E81A6 /* AutomotiveInspectorTests.swift */ = {isa = PBXFileReference; lastKnownFileType = sourcecode.swift; path = "AutomotiveInspectorTests.swift"; sourceTree = "<group>"; };
    7D8031942ECFBA56 /* AutomotiveInspectorUITests.swift */ = {isa = PBXFileReference; lastKnownFileType = sourcecode.swift; path = "AutomotiveInspectorUITests.swift"; sourceTree = "<group>"; };
    05C34D12B769AF8E /* ScheduleEventIntent.swift */ = {isa = PBXFileReference; lastKnownFileType = sourcecode.swift; path = "ScheduleEventIntent.swift"; sourceTree = "<group>"; };
    012834B97A5DEC6F /* CalendarEvent.swift */ = {isa = PBXFileReference; lastKnownFileType = sourcecode.swift; path = "CalendarEvent.swift"; sourceTree = "<group>"; };
    E3A0578C6F1B492D /* README.md */ = {isa = PBXFileReference; lastKnownFileType = text.markdown; path = "README.md"; sourceTree = "<group>"; };
    40FAED612795B83C /* IngestionService.swift */ = {isa = PBXFileReference; lastKnownFileType = sourcecode.swift; path = "IngestionService.swift"; sourceTree = "<group>"; };
    56F42CA831D7B90E /* CalendarViewModel.swift */ = {isa = PBXFileReference; lastKnownFileType = sourcecode.swift; path = "CalendarViewModel.swift"; sourceTree = "<group>"; };
    9D2F5386A7B410EC /* DashboardView.swift */ = {isa = PBXFileReference; lastKnownFileType = sourcecode.swift; path = "DashboardView.swift"; sourceTree = "<group>"; };
    238E1C4ADF605B79 /* AutomotiveInspectorTests.swift */ = {isa = PBXFileReference; lastKnownFileType = sourcecode.swift; path = "AutomotiveInspectorTests.swift"; sourceTree = "<group>"; };
    BFE10978C632A45D /* AutomotiveInspectorUITests.swift */ = {isa = PBXFileReference; lastKnownFileType = sourcecode.swift; path = "AutomotiveInspectorUITests.swift"; sourceTree = "<group>"; };
    0167C5FE283B4A9D /* README.md */ = {isa = PBXFileReference; lastKnownFileType = text.markdown; path = "README.md"; sourceTree = "<group>"; };
    5C0EB879DF1426A3 /* AutomotiveInspectorTests.swift */ = {isa = PBXFileReference; lastKnownFileType = sourcecode.swift; path = "AutomotiveInspectorTests.swift"; sourceTree = "<group>"; };
    291867ED5F034ABC /* AutomotiveInspectorUITests.swift */ = {isa = PBXFileReference; lastKnownFileType = sourcecode.swift; path = "AutomotiveInspectorUITests.swift"; sourceTree = "<group>"; };
    018FA3627DB59CE4 /* AutomotiveInspectorTests.xctest */ = {isa = PBXFileReference; explicitFileType = wrapper.cfbundle; includeInIndex = 0; path = "AutomotiveInspectorTests.xctest"; sourceTree = BUILT_PRODUCTS_DIR; };
    CF3729D1504EA68B /* AutomotiveInspectorUITests.xctest */ = {isa = PBXFileReference; explicitFileType = wrapper.cfbundle; includeInIndex = 0; path = "AutomotiveInspectorUITests.xctest"; sourceTree = BUILT_PRODUCTS_DIR; };
    F35DB6A4C019827E /* SwiftUI.framework */ = {isa = PBXFileReference; lastKnownFileType = wrapper.framework; name = SwiftUI.framework; path = System/Library/Frameworks/SwiftUI.framework; sourceTree = SDKROOT; };
    /* End PBXFileReference section */

    /* Begin PBXFrameworksBuildPhase section */
    53C9F1B7A0864E2D /* Frameworks */ = {
      isa = PBXFrameworksBuildPhase;
      buildActionMask = 2147483647;
      files = (
        D56F43C281B79A0E /* SwiftUI.framework in Frameworks */
      );
      runOnlyForDeploymentPostprocessing = 0;
    };
    E47AC6891350DF2B /* Frameworks */ = {
      isa = PBXFrameworksBuildPhase;
      buildActionMask = 2147483647;
      files = (
      );
      runOnlyForDeploymentPostprocessing = 0;
    };
    51CAFDE478B32960 /* Frameworks */ = {
      isa = PBXFrameworksBuildPhase;
      buildActionMask = 2147483647;
      files = (
      );
      runOnlyForDeploymentPostprocessing = 0;
    };
    /* End PBXFrameworksBuildPhase section */

    /* Begin PBXGroup section */
    F0C3154EA76B98D2 /* Main Group */ = {
      isa = PBXGroup;
      children = (
        743EF21DBC06A895 /* AutomotiveInspector */,
        C23F150E948B76DA /* AutomotiveInspectorTests */,
        5610BA4C8F729E3D /* AutomotiveInspectorUITests */,
        01E5CA2FD893B467 /* Products */
      );
      sourceTree = "<group>";
    };
    743EF21DBC06A895 /* AutomotiveInspector */ = {
      isa = PBXGroup;
      children = (
        32FEB86914705ACD,
        904BE238567CDAF1,
        B23A8C547160FD9E,
        0167C5FE283B4A9D
      );
      path = "AutomotiveInspector";
      sourceTree = "<group>";
    };
    
    32FEB86914705ACD /* AutomotiveInspector */ = {
      isa = PBXGroup;
      children = (
        C07FE68152B3AD94,
        40EC87FB391A256D,
        13E4857C02AB9D6F,
        7FAB16458E2093CD,
        3E9D082A41B5CF67,
        4CAF928B6E570D31,
        547F32AD189B06CE,
        2635BA17E9C4FD08,
        1390D68A42EC57FB,
        E3A0578C6F1B492D
      );
      path = "AutomotiveInspector";
      sourceTree = "<group>";
    };
    C07FE68152B3AD94 /* AutomotiveInspector.xcodeproj */ = {
      isa = PBXGroup;
      children = (
        DC275F68BEA93104
      );
      path = "AutomotiveInspector.xcodeproj";
      sourceTree = "<group>";
    };
    DC275F68BEA93104 /* xcuserdata */ = {
      isa = PBXGroup;
      children = (
        49C25E0DA3B67F18
      );
      path = "xcuserdata";
      sourceTree = "<group>";
    };
    49C25E0DA3B67F18 /* mattmcguinn.xcuserdatad */ = {
      isa = PBXGroup;
      children = (
        CA70B12356F948DE
      );
      path = "mattmcguinn.xcuserdatad";
      sourceTree = "<group>";
    };
    CA70B12356F948DE /* xcschemes */ = {
      isa = PBXGroup;
      children = (
        E314A98D025FC67B
      );
      path = "xcschemes";
      sourceTree = "<group>";
    };
    40EC87FB391A256D /* AutomotiveInspector */ = {
      isa = PBXGroup;
      children = (
        6D7405F1BA93CE82,
        7D5AC4638210F9BE,
        1AF369C047D58EB2,
        0E647D3F582BA9C1,
        3E6CD580A97F4B12,
        8917C5AD042F36BE,
        AD5E8B0176F29C34,
        560B1E2D7349FAC8,
        4D1E60F97238BA5C,
        D0C2BF349A61E587,
        E16897B4DF02A35C,
        A0127E3F45CB968D,
        5498EF3A621C07BD,
        CA012576ED3B4F89
      );
      path = "AutomotiveInspector";
      sourceTree = "<group>";
    };
    6D7405F1BA93CE82 /* Assets.xcassets */ = {
      isa = PBXGroup;
      children = (
        D21AFC89BE603457,
        01BFA72D683C49E5,
        B92736A451C8E0FD
      );
      path = "Assets.xcassets";
      sourceTree = "<group>";
    };
    D21AFC89BE603457 /* AccentColor.colorset */ = {
      isa = PBXGroup;
      children = (
        75B80C1A432F69DE
      );
      path = "AccentColor.colorset";
      sourceTree = "<group>";
    };
    01BFA72D683C49E5 /* AppIcon.appiconset */ = {
      isa = PBXGroup;
      children = (
        83ABF457D02EC169
      );
      path = "AppIcon.appiconset";
      sourceTree = "<group>";
    };
    7D5AC4638210F9BE /* AutomotiveInspector.xcodeproj */ = {
      isa = PBXGroup;
      children = (
        F01E92D734586ABC
      );
      path = "AutomotiveInspector.xcodeproj";
      sourceTree = "<group>";
    };
    F01E92D734586ABC /* xcuserdata */ = {
      isa = PBXGroup;
      children = (
        A762153FBED0C849
      );
      path = "xcuserdata";
      sourceTree = "<group>";
    };
    A762153FBED0C849 /* mattmcguinn.xcuserdatad */ = {
      isa = PBXGroup;
      children = (
        65A48E07239D1BCF
      );
      path = "mattmcguinn.xcuserdatad";
      sourceTree = "<group>";
    };
    65A48E07239D1BCF /* xcschemes */ = {
      isa = PBXGroup;
      children = (
        71605F2C3489BEAD
      );
      path = "xcschemes";
      sourceTree = "<group>";
    };
    1AF369C047D58EB2 /* AutomotiveInspector */ = {
      isa = PBXGroup;
      children = (
        5B8E473C92A1F6D0,
        D76F0EA815B2C439,
        632B8D41A9C7E50F,
        E74A905C12F3B6D8,
        0172BDEA9368F54C,
        3D2719BEF0C5486A,
        6AB42D53F91C08E7,
        B394C527E10FD86A,
        3790AD4FE16852BC,
        C7F4B5E932810D6A,
        C72EFA635B149D08,
        95DCE3F8106B24A7,
        D53B2C4A810EF967,
        8FD0327964CEBA51
      );
      path = "AutomotiveInspector";
      sourceTree = "<group>";
    };
    5B8E473C92A1F6D0 /* Assets.xcassets */ = {
      isa = PBXGroup;
      children = (
        0D6985CAF712B34E,
        93018CEF2745ABD6,
        6438F52CB197A0ED
      );
      path = "Assets.xcassets";
      sourceTree = "<group>";
    };
    0D6985CAF712B34E /* AccentColor.colorset */ = {
      isa = PBXGroup;
      children = (
        6190B5DA283E7C4F
      );
      path = "AccentColor.colorset";
      sourceTree = "<group>";
    };
    93018CEF2745ABD6 /* AppIcon.appiconset */ = {
      isa = PBXGroup;
      children = (
        361B54A8DCE072F9
      );
      path = "AppIcon.appiconset";
      sourceTree = "<group>";
    };
    D76F0EA815B2C439 /* AutomotiveInspector.xcodeproj */ = {
      isa = PBXGroup;
      children = (
        D7FB0923A6E1C485
      );
      path = "AutomotiveInspector.xcodeproj";
      sourceTree = "<group>";
    };
    D7FB0923A6E1C485 /* xcuserdata */ = {
      isa = PBXGroup;
      children = (
        5E2C4A01379F8DB6
      );
      path = "xcuserdata";
      sourceTree = "<group>";
    };
    5E2C4A01379F8DB6 /* mattmcguinn.xcuserdatad */ = {
      isa = PBXGroup;
      children = (
        C94EB837F21065AD
      );
      path = "mattmcguinn.xcuserdatad";
      sourceTree = "<group>";
    };
    C94EB837F21065AD /* xcschemes */ = {
      isa = PBXGroup;
      children = (
        3F2789BA61D504CE
      );
      path = "xcschemes";
      sourceTree = "<group>";
    };
    632B8D41A9C7E50F /* AutomotiveInspector */ = {
      isa = PBXGroup;
      children = (
        FE71056389D2BAC4,
        1C34502D786BA9FE,
        1EFC5476028BD3A9,
        76208415BEDACF39,
        A7230E6189D4FC5B
      );
      path = "AutomotiveInspector";
      sourceTree = "<group>";
    };
    FE71056389D2BAC4 /* Assets.xcassets */ = {
      isa = PBXGroup;
      children = (
        2F984D753E10CAB6,
        0469CB8F715AE2D3,
        E48915AC3D27BF06
      );
      path = "Assets.xcassets";
      sourceTree = "<group>";
    };
    2F984D753E10CAB6 /* AccentColor.colorset */ = {
      isa = PBXGroup;
      children = (
        903DCEF67B5184A2
      );
      path = "AccentColor.colorset";
      sourceTree = "<group>";
    };
    0469CB8F715AE2D3 /* AppIcon.appiconset */ = {
      isa = PBXGroup;
      children = (
        016584CFEDA97B32
      );
      path = "AppIcon.appiconset";
      sourceTree = "<group>";
    };
    1C34502D786BA9FE /* Services */ = {
      isa = PBXGroup;
      children = (
        3805D16C49EA2F7B
      );
      path = "Services";
      sourceTree = "<group>";
    };
    E74A905C12F3B6D8 /* AutomotiveInspectorTests */ = {
      isa = PBXGroup;
      children = (
        473F58210BC9AD6E
      );
      path = "AutomotiveInspectorTests";
      sourceTree = "<group>";
    };
    0172BDEA9368F54C /* AutomotiveInspectorUITests */ = {
      isa = PBXGroup;
      children = (
        7081B2E4DA635F9C
      );
      path = "AutomotiveInspectorUITests";
      sourceTree = "<group>";
    };
    3D2719BEF0C5486A /* Intents */ = {
      isa = PBXGroup;
      children = (
        43291B8706EA5DFC
      );
      path = "Intents";
      sourceTree = "<group>";
    };
    6AB42D53F91C08E7 /* Models */ = {
      isa = PBXGroup;
      children = (
        872D410EC3B5A6F9
      );
      path = "Models";
      sourceTree = "<group>";
    };
    B394C527E10FD86A /* Services */ = {
      isa = PBXGroup;
      children = (
        A76BD93248FEC105
      );
      path = "Services";
      sourceTree = "<group>";
    };
    3790AD4FE16852BC /* ViewModels */ = {
      isa = PBXGroup;
      children = (
        3C9EDB5214708FA6
      );
      path = "ViewModels";
      sourceTree = "<group>";
    };
    C7F4B5E932810D6A /* Views */ = {
      isa = PBXGroup;
      children = (
        738924D61A0F5BCE
      );
      path = "Views";
      sourceTree = "<group>";
    };
    0E647D3F582BA9C1 /* AutomotiveInspectorTests */ = {
      isa = PBXGroup;
      children = (
        40D123875B6AFE9C
      );
      path = "AutomotiveInspectorTests";
      sourceTree = "<group>";
    };
    3E6CD580A97F4B12 /* AutomotiveInspectorUITests */ = {
      isa = PBXGroup;
      children = (
        0681EAFC2B75439D
      );
      path = "AutomotiveInspectorUITests";
      sourceTree = "<group>";
    };
    8917C5AD042F36BE /* Intents */ = {
      isa = PBXGroup;
      children = (
        97B13AE528DC40F6
      );
      path = "Intents";
      sourceTree = "<group>";
    };
    AD5E8B0176F29C34 /* Models */ = {
      isa = PBXGroup;
      children = (
        3D0796824A1F5CBE
      );
      path = "Models";
      sourceTree = "<group>";
    };
    560B1E2D7349FAC8 /* Services */ = {
      isa = PBXGroup;
      children = (
        6D9CB0A43F8125E7,
        236C8E5F97BD1A04,
        2387D9AB41EC05F6
      );
      path = "Services";
      sourceTree = "<group>";
    };
    4D1E60F97238BA5C /* ViewModels */ = {
      isa = PBXGroup;
      children = (
        7E4C069F812BA53D
      );
      path = "ViewModels";
      sourceTree = "<group>";
    };
    D0C2BF349A61E587 /* Views */ = {
      isa = PBXGroup;
      children = (
        57948E3F21D0AB6C
      );
      path = "Views";
      sourceTree = "<group>";
    };
    13E4857C02AB9D6F /* AutomotiveInspectorTests */ = {
      isa = PBXGroup;
      children = (
        59023F7DBC4E81A6
      );
      path = "AutomotiveInspectorTests";
      sourceTree = "<group>";
    };
    7FAB16458E2093CD /* AutomotiveInspectorUITests */ = {
      isa = PBXGroup;
      children = (
        7D8031942ECFBA56
      );
      path = "AutomotiveInspectorUITests";
      sourceTree = "<group>";
    };
    3E9D082A41B5CF67 /* Intents */ = {
      isa = PBXGroup;
      children = (
        05C34D12B769AF8E
      );
      path = "Intents";
      sourceTree = "<group>";
    };
    4CAF928B6E570D31 /* Models */ = {
      isa = PBXGroup;
      children = (
        012834B97A5DEC6F
      );
      path = "Models";
      sourceTree = "<group>";
    };
    547F32AD189B06CE /* Services */ = {
      isa = PBXGroup;
      children = (
        40FAED612795B83C
      );
      path = "Services";
      sourceTree = "<group>";
    };
    2635BA17E9C4FD08 /* ViewModels */ = {
      isa = PBXGroup;
      children = (
        56F42CA831D7B90E
      );
      path = "ViewModels";
      sourceTree = "<group>";
    };
    1390D68A42EC57FB /* Views */ = {
      isa = PBXGroup;
      children = (
        9D2F5386A7B410EC
      );
      path = "Views";
      sourceTree = "<group>";
    };
    904BE238567CDAF1 /* AutomotiveInspectorTests */ = {
      isa = PBXGroup;
      children = (
        238E1C4ADF605B79
      );
      path = "AutomotiveInspectorTests";
      sourceTree = "<group>";
    };
    B23A8C547160FD9E /* AutomotiveInspectorUITests */ = {
      isa = PBXGroup;
      children = (
        BFE10978C632A45D
      );
      path = "AutomotiveInspectorUITests";
      sourceTree = "<group>";
    };
    C23F150E948B76DA /* AutomotiveInspectorTests */ = {
      isa = PBXGroup;
      children = (
        5C0EB879DF1426A3 /* AutomotiveInspectorTests.swift */
      );
      path = "AutomotiveInspectorTests";
      sourceTree = "<group>";
    };
    5610BA4C8F729E3D /* AutomotiveInspectorUITests */ = {
      isa = PBXGroup;
      children = (
        291867ED5F034ABC /* AutomotiveInspectorUITests.swift */
      );
      path = "AutomotiveInspectorUITests";
      sourceTree = "<group>";
    };
    01E5CA2FD893B467 /* Products */ = {
      isa = PBXGroup;
      children = (
        F3057D8214EBA96C /* AutomotiveInspector.app */,
        018FA3627DB59CE4 /* AutomotiveInspectorTests.xctest */,
        CF3729D1504EA68B /* AutomotiveInspectorUITests.xctest */
      );
      name = Products;
      sourceTree = "<group>";
    };
    /* End PBXGroup section */

    /* Begin PBXNativeTarget section */
    1DE8FCB7093426A5 /* AutomotiveInspector */ = {
      isa = PBXNativeTarget;
      buildConfigurationList = 209A7643FE851BCD /* Build configuration list for PBXNativeTarget "AutomotiveInspector" */;
      buildPhases = (
        E9467C8DFBA51230 /* Sources */,
        53C9F1B7A0864E2D /* Frameworks */
      );
      buildRules = (
      );
      dependencies = (
      );
      name = "AutomotiveInspector";
      productName = "AutomotiveInspector";
      productReference = F3057D8214EBA96C /* AutomotiveInspector.app */;
      productType = "com.apple.product-type.application";
    };
    07D46BEF5123C9A8 /* AutomotiveInspectorTests */ = {
      isa = PBXNativeTarget;
      buildConfigurationList = 05F174BD2E836A9C /* Build configuration list for PBXNativeTarget "AutomotiveInspectorTests" */;
      buildPhases = (
        37241AFC0985E6BD /* Sources */,
        E47AC6891350DF2B /* Frameworks */
      );
      buildRules = (
      );
      dependencies = (
        697031E8CB245AFD /* PBXTargetDependency */
      );
      name = "AutomotiveInspectorTests";
      productName = "AutomotiveInspectorTests";
      productReference = 018FA3627DB59CE4 /* AutomotiveInspectorTests.xctest */;
      productType = "com.apple.product-type.bundle.unit-test";
    };
    36E7F014B285A9DC /* AutomotiveInspectorUITests */ = {
      isa = PBXNativeTarget;
      buildConfigurationList = B6D23C079E851FA4 /* Build configuration list for PBXNativeTarget "AutomotiveInspectorUITests" */;
      buildPhases = (
        32517EB8D604FC9A /* Sources */,
        51CAFDE478B32960 /* Frameworks */
      );
      buildRules = (
      );
      dependencies = (
        09F5D6182B374CAE /* PBXTargetDependency */
      );
      name = "AutomotiveInspectorUITests";
      productName = "AutomotiveInspectorUITests";
      productReference = CF3729D1504EA68B /* AutomotiveInspectorUITests.xctest */;
      productType = "com.apple.product-type.bundle.ui-testing";
    };
    /* End PBXNativeTarget section */

    /* Begin PBXProject section */
    387E92BD1F0C45A6 /* Project object */ = {
      isa = PBXProject;
      attributes = {
        LastSwiftUpdateCheck = 1500;
        LastUpgradeCheck = 1500;
        TargetAttributes = {
          1DE8FCB7093426A5 = {
            CreatedOnToolsVersion = 15.0;
          };
          07D46BEF5123C9A8 = {
            CreatedOnToolsVersion = 15.0;
            TestTargetID = 1DE8FCB7093426A5;
          };
          36E7F014B285A9DC = {
            CreatedOnToolsVersion = 15.0;
            TestTargetID = 1DE8FCB7093426A5;
          };
        };
      };
      buildConfigurationList = 6875F43E2ABCD109 /* Build configuration list for PBXProject "AutomotiveInspector" */;
      compatibilityVersion = "Xcode 14.0";
      developmentRegion = en;
      hasScannedForEncodings = 0;
      knownRegions = (
        en,
        Base
      );
      mainGroup = F0C3154EA76B98D2;
      productRefGroup = 01E5CA2FD893B467 /* Products */;
      projectDirPath = "";
      projectRoot = "";
      targets = (
        1DE8FCB7093426A5 /* AutomotiveInspector */,
        07D46BEF5123C9A8 /* AutomotiveInspectorTests */,
        36E7F014B285A9DC /* AutomotiveInspectorUITests */
      );
    };
    /* End PBXProject section */

    /* Begin PBXSourcesBuildPhase section */
    E9467C8DFBA51230 /* Sources */ = {
      isa = PBXSourcesBuildPhase;
      buildActionMask = 2147483647;
      files = (
        123FE587DC46A09B,
        F21675B3E0AC948D,
        160A34E9FB2C57D8,
        2538FD190BA6C74E,
        C17A6E249B3F8D05,
        67FBD038C1429AE5,
        B2359F84CE16D0A7,
        C6325EF7DB84109A,
        E0758B3F6C4D19A2,
        F14DC560B3A7982E,
        DE0A581726FB934C,
        748D05FBCA31296E,
        0F7E293ACBD41568,
        03BA54C128679DFE,
        D40826E9C73BA15F,
        0CABD71389EF5426,
        97B10FAD6482C35E,
        A6790B84F1E3C2D5,
        0B6F158E429C73AD,
        589B70DF4316A2EC,
        A5217F06DCB3948E,
        019FE5768BD24AC3,
        63C27F5A480B9D1E,
        E4350A1D267F89BC,
        0C4162D3975FEA8B,
        025A79DB38C46F1E,
        B176D03428C59AFE,
        1DF82634B79AC05E,
        108E76B4F39CD25A,
        E3A46B9C8D70512F,
        2D14BAF308C65E97,
        3254861B9AD7FE0C,
        BA38197D6C0F245E,
        01A295CD347BF6E8,
        BAEF97218D4C3065,
        E0C67132A845B9FD,
        FE06B1A57C24D839,
        E93B5DC218F0746A,
        32C679FAD1B4E058,
        1F48DA0EB572396C,
        083E459A7FD1B26C,
        0C1D2345E6789ABF,
        317EB4D062FCA589,
        E6C50B184F7DA923,
        F4D785B21603A9CE,
        C382E7416D09BA5F,
        E28310CB4F597A6D,
        20D8EC95F1A367B4,
        0571ADF46E28B93C,
        3E6B8721DA409FC5,
        A783D65B0FC1492E
      );
      runOnlyForDeploymentPostprocessing = 0;
    };
    37241AFC0985E6BD /* Sources */ = {
      isa = PBXSourcesBuildPhase;
      buildActionMask = 2147483647;
      files = (
        E69238DF074C1BA5 /* AutomotiveInspectorTests.swift in Sources */
      );
      runOnlyForDeploymentPostprocessing = 0;
    };
    32517EB8D604FC9A /* Sources */ = {
      isa = PBXSourcesBuildPhase;
      buildActionMask = 2147483647;
      files = (
        AEB21F4057D3986C /* AutomotiveInspectorUITests.swift in Sources */
      );
      runOnlyForDeploymentPostprocessing = 0;
    };
    /* End PBXSourcesBuildPhase section */

    /* Begin PBXContainerItemProxy section */
    0687BFC5AE14329D /* PBXContainerItemProxy */ = {
      isa = PBXContainerItemProxy;
      containerPortal = 387E92BD1F0C45A6 /* Project object */;
      proxyType = 1;
      remoteGlobalIDString = 1DE8FCB7093426A5;
      remoteInfo = "AutomotiveInspector";
    };
    C61032AED58FB497 /* PBXContainerItemProxy */ = {
      isa = PBXContainerItemProxy;
      containerPortal = 387E92BD1F0C45A6 /* Project object */;
      proxyType = 1;
      remoteGlobalIDString = 1DE8FCB7093426A5;
      remoteInfo = "AutomotiveInspector";
    };
    /* End PBXContainerItemProxy section */

    /* Begin PBXTargetDependency section */
    697031E8CB245AFD /* PBXTargetDependency */ = {
      isa = PBXTargetDependency;
      target = 1DE8FCB7093426A5 /* AutomotiveInspector */;
      targetProxy = 0687BFC5AE14329D /* PBXContainerItemProxy */;
    };
    09F5D6182B374CAE /* PBXTargetDependency */ = {
      isa = PBXTargetDependency;
      target = 1DE8FCB7093426A5 /* AutomotiveInspector */;
      targetProxy = C61032AED58FB497 /* PBXContainerItemProxy */;
    };
    /* End PBXTargetDependency section */

    /* Begin XCBuildConfiguration section */
    6F280E9A147C53DB /* Debug */ = {
      isa = XCBuildConfiguration;
      buildSettings = {
        ALWAYS_SEARCH_USER_PATHS = NO;
        ASSETCATALOG_COMPILER_APPICON_NAME = AppIcon;
        ASSETCATALOG_COMPILER_GLOBAL_ACCENT_COLOR_NAME = AccentColor;
        CLANG_ANALYZER_NONNULL = YES;
        CLANG_ANALYZER_NUMBER_OBJECT_CONVERSION = YES_AGGRESSIVE;
        CLANG_CXX_LANGUAGE_STANDARD = "gnu++20";
        CLANG_ENABLE_MODULES = YES;
        CLANG_ENABLE_OBJC_ARC = YES;
        CLANG_ENABLE_OBJC_WEAK = YES;
        CODE_SIGN_STYLE = Automatic;
        CURRENT_PROJECT_VERSION = 1;
        DEVELOPMENT_ASSET_PATHS = "";
        DEVELOPMENT_TEAM = "";
        ENABLE_PREVIEWS = YES;
        ENABLE_STRICT_OBJC_MSGSEND = YES;
        ENABLE_TESTABILITY = YES;
        FRAMEWORK_SEARCH_PATHS = (
          "$(inherited)",
          "$(SDKROOT)/System/Library/Frameworks"
        );
        GCC_C_LANGUAGE_STANDARD = gnu11;
        GCC_DYNAMIC_NO_PIC = NO;
        GCC_NO_COMMON_BLOCKS = YES;
        GCC_OPTIMIZATION_LEVEL = 0;
        GCC_PREPROCESSOR_DEFINITIONS = (
          "DEBUG=1",
          "$(inherited)",
        );
        GENERATE_INFOPLIST_FILE = YES;
        INFOPLIST_KEY_UIApplicationSceneManifest_Generation = YES;
        INFOPLIST_KEY_UILaunchScreen_Generation = YES;
        IPHONEOS_DEPLOYMENT_TARGET = 15.0;
        LD_RUNPATH_SEARCH_PATHS = (
          "$(inherited)",
          "@executable_path/Frameworks",
        );
        MARKETING_VERSION = 1.0;
        MTL_ENABLE_DEBUG_INFO = INCLUDE_SOURCE;
        MTL_FAST_MATH = YES;
        ONLY_ACTIVE_ARCH = YES;
        PRODUCT_BUNDLE_IDENTIFIER = "com.example.automotiveinspector";
        PRODUCT_NAME = "$(TARGET_NAME)";
        SDKROOT = iphoneos;
        SUPPORTED_PLATFORMS = "iphoneos iphonesimulator";
        SUPPORTS_MACCATALYST = NO;
        SUPPORTS_MAC_DESIGNED_FOR_IPHONE_IPAD = NO;
        SWIFT_ACTIVE_COMPILATION_CONDITIONS = DEBUG;
        SWIFT_EMIT_LOC_STRINGS = YES;
        SWIFT_OPTIMIZATION_LEVEL = "-Onone";
        SWIFT_VERSION = 5.0;
        TARGETED_DEVICE_FAMILY = "1,2";
      };
      name = Debug;
    };
    10D926F7AE5BC348 /* Release */ = {
      isa = XCBuildConfiguration;
      buildSettings = {
        ALWAYS_SEARCH_USER_PATHS = NO;
        ASSETCATALOG_COMPILER_APPICON_NAME = AppIcon;
        ASSETCATALOG_COMPILER_GLOBAL_ACCENT_COLOR_NAME = AccentColor;
        CLANG_ANALYZER_NONNULL = YES;
        CLANG_ANALYZER_NUMBER_OBJECT_CONVERSION = YES_AGGRESSIVE;
        CLANG_CXX_LANGUAGE_STANDARD = "gnu++20";
        CLANG_ENABLE_MODULES = YES;
        CLANG_ENABLE_OBJC_ARC = YES;
        CLANG_ENABLE_OBJC_WEAK = YES;
        CODE_SIGN_STYLE = Automatic;
        COPY_PHASE_STRIP = NO;
        CURRENT_PROJECT_VERSION = 1;
        DEVELOPMENT_ASSET_PATHS = "";
        DEVELOPMENT_TEAM = "";
        ENABLE_NS_ASSERTIONS = NO;
        ENABLE_PREVIEWS = YES;
        ENABLE_STRICT_OBJC_MSGSEND = YES;
        FRAMEWORK_SEARCH_PATHS = (
          "$(inherited)",
          "$(SDKROOT)/System/Library/Frameworks"
        );
        GCC_C_LANGUAGE_STANDARD = gnu11;
        GCC_NO_COMMON_BLOCKS = YES;
        GENERATE_INFOPLIST_FILE = YES;
        INFOPLIST_KEY_UIApplicationSceneManifest_Generation = YES;
        INFOPLIST_KEY_UILaunchScreen_Generation = YES;
        IPHONEOS_DEPLOYMENT_TARGET = 15.0;
        LD_RUNPATH_SEARCH_PATHS = (
          "$(inherited)",
          "@executable_path/Frameworks",
        );
        MARKETING_VERSION = 1.0;
        MTL_ENABLE_DEBUG_INFO = NO;
        MTL_FAST_MATH = YES;
        PRODUCT_BUNDLE_IDENTIFIER = "com.example.automotiveinspector";
        PRODUCT_NAME = "$(TARGET_NAME)";
        SDKROOT = iphoneos;
        SUPPORTED_PLATFORMS = "iphoneos iphonesimulator";
        SUPPORTS_MACCATALYST = NO;
        SUPPORTS_MAC_DESIGNED_FOR_IPHONE_IPAD = NO;
        SWIFT_COMPILATION_MODE = wholemodule;
        SWIFT_EMIT_LOC_STRINGS = YES;
        SWIFT_OPTIMIZATION_LEVEL = "-O";
        SWIFT_VERSION = 5.0;
        TARGETED_DEVICE_FAMILY = "1,2";
        VALIDATE_PRODUCT = YES;
      };
      name = Release;
    };
    47F5D91C20E38BA6 /* Debug */ = {
      isa = XCBuildConfiguration;
      buildSettings = {
        BUNDLE_LOADER = "$(TEST_HOST)";
        CODE_SIGN_STYLE = Automatic;
        CURRENT_PROJECT_VERSION = 1;
        GENERATE_INFOPLIST_FILE = YES;
        IPHONEOS_DEPLOYMENT_TARGET = 15.0;
        MARKETING_VERSION = 1.0;
        PRODUCT_BUNDLE_IDENTIFIER = "com.example.automotiveinspector.Tests";
        PRODUCT_NAME = "$(TARGET_NAME)";
        SDKROOT = iphoneos;
        SUPPORTED_PLATFORMS = "iphoneos iphonesimulator";
        SUPPORTS_MACCATALYST = NO;
        SUPPORTS_MAC_DESIGNED_FOR_IPHONE_IPAD = NO;
        SWIFT_EMIT_LOC_STRINGS = NO;
        SWIFT_VERSION = 5.0;
        TARGETED_DEVICE_FAMILY = "1,2";
        TEST_HOST = "$(BUILT_PRODUCTS_DIR)/AutomotiveInspector.app/$(BUNDLE_EXECUTABLE_FOLDER_PATH)/AutomotiveInspector";
      };
      name = Debug;
    };
    32A1C504987F6DEB /* Release */ = {
      isa = XCBuildConfiguration;
      buildSettings = {
        BUNDLE_LOADER = "$(TEST_HOST)";
        CODE_SIGN_STYLE = Automatic;
        CURRENT_PROJECT_VERSION = 1;
        GENERATE_INFOPLIST_FILE = YES;
        IPHONEOS_DEPLOYMENT_TARGET = 15.0;
        MARKETING_VERSION = 1.0;
        PRODUCT_BUNDLE_IDENTIFIER = "com.example.automotiveinspector.Tests";
        PRODUCT_NAME = "$(TARGET_NAME)";
        SDKROOT = iphoneos;
        SUPPORTED_PLATFORMS = "iphoneos iphonesimulator";
        SUPPORTS_MACCATALYST = NO;
        SUPPORTS_MAC_DESIGNED_FOR_IPHONE_IPAD = NO;
        SWIFT_EMIT_LOC_STRINGS = NO;
        SWIFT_VERSION = 5.0;
        TARGETED_DEVICE_FAMILY = "1,2";
        TEST_HOST = "$(BUILT_PRODUCTS_DIR)/AutomotiveInspector.app/$(BUNDLE_EXECUTABLE_FOLDER_PATH)/AutomotiveInspector";
        VALIDATE_PRODUCT = YES;
      };
      name = Release;
    };
    3E82D56A97104BFC /* Debug */ = {
      isa = XCBuildConfiguration;
      buildSettings = {
        CODE_SIGN_STYLE = Automatic;
        CURRENT_PROJECT_VERSION = 1;
        GENERATE_INFOPLIST_FILE = YES;
        MARKETING_VERSION = 1.0;
        PRODUCT_BUNDLE_IDENTIFIER = "com.example.automotiveinspector.UITests";
        PRODUCT_NAME = "$(TARGET_NAME)";
        SDKROOT = iphoneos;
        SUPPORTED_PLATFORMS = "iphoneos iphonesimulator";
        SUPPORTS_MACCATALYST = NO;
        SUPPORTS_MAC_DESIGNED_FOR_IPHONE_IPAD = NO;
        SWIFT_EMIT_LOC_STRINGS = NO;
        SWIFT_VERSION = 5.0;
        TARGETED_DEVICE_FAMILY = "1,2";
        TEST_TARGET_NAME = AutomotiveInspector;
      };
      name = Debug;
    };
    7218E5CDF3B4906A /* Release */ = {
      isa = XCBuildConfiguration;
      buildSettings = {
        CODE_SIGN_STYLE = Automatic;
        CURRENT_PROJECT_VERSION = 1;
        GENERATE_INFOPLIST_FILE = YES;
        MARKETING_VERSION = 1.0;
        PRODUCT_BUNDLE_IDENTIFIER = "com.example.automotiveinspector.UITests";
        PRODUCT_NAME = "$(TARGET_NAME)";
        SDKROOT = iphoneos;
        SUPPORTED_PLATFORMS = "iphoneos iphonesimulator";
        SUPPORTS_MACCATALYST = NO;
        SUPPORTS_MAC_DESIGNED_FOR_IPHONE_IPAD = NO;
        SWIFT_EMIT_LOC_STRINGS = NO;
        SWIFT_VERSION = 5.0;
        TARGETED_DEVICE_FAMILY = "1,2";
        TEST_TARGET_NAME = AutomotiveInspector;
        VALIDATE_PRODUCT = YES;
      };
      name = Release;
    };
    /* End XCBuildConfiguration section */

    /* Begin XCConfigurationList section */
    6875F43E2ABCD109 /* Build configuration list for PBXProject "AutomotiveInspector" */ = {
      isa = XCConfigurationList;
      buildConfigurations = (
        6F280E9A147C53DB /* Debug */,
        10D926F7AE5BC348 /* Release */
      );
      defaultConfigurationIsVisible = 0;
      defaultConfigurationName = Release;
    };
    209A7643FE851BCD /* Build configuration list for PBXNativeTarget "AutomotiveInspector" */ = {
      isa = XCConfigurationList;
      buildConfigurations = (
        6F280E9A147C53DB /* Debug */,
        10D926F7AE5BC348 /* Release */
      );
      defaultConfigurationIsVisible = 0;
      defaultConfigurationName = Release;
    };
    05F174BD2E836A9C /* Build configuration list for PBXNativeTarget "AutomotiveInspectorTests" */ = {
      isa = XCConfigurationList;
      buildConfigurations = (
        47F5D91C20E38BA6 /* Debug */,
        32A1C504987F6DEB /* Release */
      );
      defaultConfigurationIsVisible = 0;
      defaultConfigurationName = Release;
    };
    B6D23C079E851FA4 /* Build configuration list for PBXNativeTarget "AutomotiveInspectorUITests" */ = {
      isa = XCConfigurationList;
      buildConfigurations = (
        3E82D56A97104BFC /* Debug */,
        7218E5CDF3B4906A /* Release */
      );
      defaultConfigurationIsVisible = 0;
      defaultConfigurationName = Release;
    };
    /* End XCConfigurationList section */

  };
  rootObject = 387E92BD1F0C45A6 /* Project object */;
}
