// !$*UTF8*$!
{
  archiveVersion = 1;
  classes = {
  };
  objectVersion = 56;
  objects = {

    /* Begin PBXBuildFile section */
    3E71C694250DF8AB /* CalendarEvent.swift in Sources */ = {isa = PBXBuildFile; fileRef = 03F69BE1DC8247A5; };
    2109E8FB6754DA3C /* IngestionService.swift in Sources */ = {isa = PBXBuildFile; fileRef = 209D6AEB75C3F418; };
    EAF62B1D8C057943 /* ScheduleEventIntent.swift in Sources */ = {isa = PBXBuildFile; fileRef = 58FCA2140936ED7B; };
    32E765981A0BDCF4 /* CalendarViewModel.swift in Sources */ = {isa = PBXBuildFile; fileRef = 819AD05EF47CB326; };
    F706C5B139E428AD /* DashboardView.swift in Sources */ = {isa = PBXBuildFile; fileRef = 930B87D521CFE6A4; };
    493B8A2E10DFC576 /* README.md in Sources */ = {isa = PBXBuildFile; fileRef = 81B3592D04FCAE76; };
    E0C1267A43F89B5D /* YouAreExpertTests.swift in Sources */ = {isa = PBXBuildFile; fileRef = 93B2F10E8A76DC54; };
    D97086BA123FEC54 /* YouAreExpertUITests.swift in Sources */ = {isa = PBXBuildFile; fileRef = 40B972C16EF3A8D5; };
    29B761530DEACF84 /* SwiftUI.framework in Frameworks */ = {isa = PBXBuildFile; fileRef = 9FB4E60CD8375A21; };
    /* End PBXBuildFile section */

    /* Begin PBXFileReference section */
    2FE15AC94D83076B /* YouAreExpert.app */ = {isa = PBXFileReference; explicitFileType = wrapper.application; includeInIndex = 0; path = "YouAreExpert.app"; sourceTree = BUILT_PRODUCTS_DIR; };
    03F69BE1DC8247A5 /* CalendarEvent.swift */ = {isa = PBXFileReference; lastKnownFileType = sourcecode.swift; path = "CalendarEvent.swift"; sourceTree = "<group>"; };
    209D6AEB75C3F418 /* IngestionService.swift */ = {isa = PBXFileReference; lastKnownFileType = sourcecode.swift; path = "IngestionService.swift"; sourceTree = "<group>"; };
    58FCA2140936ED7B /* ScheduleEventIntent.swift */ = {isa = PBXFileReference; lastKnownFileType = sourcecode.swift; path = "ScheduleEventIntent.swift"; sourceTree = "<group>"; };
    819AD05EF47CB326 /* CalendarViewModel.swift */ = {isa = PBXFileReference; lastKnownFileType = sourcecode.swift; path = "CalendarViewModel.swift"; sourceTree = "<group>"; };
    930B87D521CFE6A4 /* DashboardView.swift */ = {isa = PBXFileReference; lastKnownFileType = sourcecode.swift; path = "DashboardView.swift"; sourceTree = "<group>"; };
    81B3592D04FCAE76 /* README.md */ = {isa = PBXFileReference; lastKnownFileType = text.markdown; path = "README.md"; sourceTree = "<group>"; };
    93B2F10E8A76DC54 /* YouAreExpertTests.swift */ = {isa = PBXFileReference; lastKnownFileType = sourcecode.swift; path = "YouAreExpertTests.swift"; sourceTree = "<group>"; };
    40B972C16EF3A8D5 /* YouAreExpertUITests.swift */ = {isa = PBXFileReference; lastKnownFileType = sourcecode.swift; path = "YouAreExpertUITests.swift"; sourceTree = "<group>"; };
    510FD3C487296AEB /* YouAreExpertTests.xctest */ = {isa = PBXFileReference; explicitFileType = wrapper.cfbundle; includeInIndex = 0; path = "YouAreExpertTests.xctest"; sourceTree = BUILT_PRODUCTS_DIR; };
    6B01C2FE87A3495D /* YouAreExpertUITests.xctest */ = {isa = PBXFileReference; explicitFileType = wrapper.cfbundle; includeInIndex = 0; path = "YouAreExpertUITests.xctest"; sourceTree = BUILT_PRODUCTS_DIR; };
    9FB4E60CD8375A21 /* SwiftUI.framework */ = {isa = PBXFileReference; lastKnownFileType = wrapper.framework; name = SwiftUI.framework; path = System/Library/Frameworks/SwiftUI.framework; sourceTree = SDKROOT; };
    /* End PBXFileReference section */

    /* Begin PBXFrameworksBuildPhase section */
    73FD089A2E65C4B1 /* Frameworks */ = {
      isa = PBXFrameworksBuildPhase;
      buildActionMask = 2147483647;
      files = (
        29B761530DEACF84 /* SwiftUI.framework in Frameworks */
      );
      runOnlyForDeploymentPostprocessing = 0;
    };
    F507C6B8D12493AE /* Frameworks */ = {
      isa = PBXFrameworksBuildPhase;
      buildActionMask = 2147483647;
      files = (
      );
      runOnlyForDeploymentPostprocessing = 0;
    };
    C307E91DA4F2B586 /* Frameworks */ = {
      isa = PBXFrameworksBuildPhase;
      buildActionMask = 2147483647;
      files = (
      );
      runOnlyForDeploymentPostprocessing = 0;
    };
    /* End PBXFrameworksBuildPhase section */

    /* Begin PBXGroup section */
    30A518746C92DBFE /* Main Group */ = {
      isa = PBXGroup;
      children = (
        E3D628F7104CB95A /* YouAreExpert */,
        1CB03EA2D478F569 /* YouAreExpertTests */,
        60E38D192C7BF5A4 /* YouAreExpertUITests */,
        B7425D160C3FE9A8 /* Products */
      );
      sourceTree = "<group>";
    };
    E3D628F7104CB95A /* YouAreExpert */ = {
      isa = PBXGroup;
      children = (
        3A41BFC9807ED652,
        B26FAC3401D9578E,
        05A6182B4E3CD7F9,
        A4065198FBC237DE,
        D3724A8C09F16E5B,
        81B3592D04FCAE76
      );
      path = "YouAreExpert";
      sourceTree = "<group>";
    };
    
    3A41BFC9807ED652 /* Models */ = {
      isa = PBXGroup;
      children = (
        03F69BE1DC8247A5
      );
      path = "Models";
      sourceTree = "<group>";
    };
    B26FAC3401D9578E /* Services */ = {
      isa = PBXGroup;
      children = (
        209D6AEB75C3F418
      );
      path = "Services";
      sourceTree = "<group>";
    };
    05A6182B4E3CD7F9 /* Intents */ = {
      isa = PBXGroup;
      children = (
        58FCA2140936ED7B
      );
      path = "Intents";
      sourceTree = "<group>";
    };
    A4065198FBC237DE /* ViewModels */ = {
      isa = PBXGroup;
      children = (
        819AD05EF47CB326
      );
      path = "ViewModels";
      sourceTree = "<group>";
    };
    D3724A8C09F16E5B /* Views */ = {
      isa = PBXGroup;
      children = (
        930B87D521CFE6A4
      );
      path = "Views";
      sourceTree = "<group>";
    };
    1CB03EA2D478F569 /* YouAreExpertTests */ = {
      isa = PBXGroup;
      children = (
        93B2F10E8A76DC54 /* YouAreExpertTests.swift */
      );
      path = "YouAreExpertTests";
      sourceTree = "<group>";
    };
    60E38D192C7BF5A4 /* YouAreExpertUITests */ = {
      isa = PBXGroup;
      children = (
        40B972C16EF3A8D5 /* YouAreExpertUITests.swift */
      );
      path = "YouAreExpertUITests";
      sourceTree = "<group>";
    };
    B7425D160C3FE9A8 /* Products */ = {
      isa = PBXGroup;
      children = (
        2FE15AC94D83076B /* YouAreExpert.app */,
        510FD3C487296AEB /* YouAreExpertTests.xctest */,
        6B01C2FE87A3495D /* YouAreExpertUITests.xctest */
      );
      name = Products;
      sourceTree = "<group>";
    };
    /* End PBXGroup section */

    /* Begin PBXNativeTarget section */
    0EBC61F238497D5A /* YouAreExpert */ = {
      isa = PBXNativeTarget;
      buildConfigurationList = E0FC751AB68D4923 /* Build configuration list for PBXNativeTarget "YouAreExpert" */;
      buildPhases = (
        B50DCA48132F67E9 /* Sources */,
        73FD089A2E65C4B1 /* Frameworks */
      );
      buildRules = (
      );
      dependencies = (
      );
      name = "YouAreExpert";
      productName = "YouAreExpert";
      productReference = 2FE15AC94D83076B /* YouAreExpert.app */;
      productType = "com.apple.product-type.application";
    };
    C349FB017E28A6D5 /* YouAreExpertTests */ = {
      isa = PBXNativeTarget;
      buildConfigurationList = 21F8670D453AEB9C /* Build configuration list for PBXNativeTarget "YouAreExpertTests" */;
      buildPhases = (
        079D35E16BC8A42F /* Sources */,
        F507C6B8D12493AE /* Frameworks */
      );
      buildRules = (
      );
      dependencies = (
        0AFE2B3168D47C59 /* PBXTargetDependency */
      );
      name = "YouAreExpertTests";
      productName = "YouAreExpertTests";
      productReference = 510FD3C487296AEB /* YouAreExpertTests.xctest */;
      productType = "com.apple.product-type.bundle.unit-test";
    };
    E21B9CA54FD76803 /* YouAreExpertUITests */ = {
      isa = PBXNativeTarget;
      buildConfigurationList = 2FDBC76480935A1E /* Build configuration list for PBXNativeTarget "YouAreExpertUITests" */;
      buildPhases = (
        F64018532CBE79AD /* Sources */,
        C307E91DA4F2B586 /* Frameworks */
      );
      buildRules = (
      );
      dependencies = (
        743865D2CE10FB9A /* PBXTargetDependency */
      );
      name = "YouAreExpertUITests";
      productName = "YouAreExpertUITests";
      productReference = 6B01C2FE87A3495D /* YouAreExpertUITests.xctest */;
      productType = "com.apple.product-type.bundle.ui-testing";
    };
    /* End PBXNativeTarget section */

    /* Begin PBXProject section */
    06E1D8259CF7BA34 /* Project object */ = {
      isa = PBXProject;
      attributes = {
        LastSwiftUpdateCheck = 1500;
        LastUpgradeCheck = 1500;
        TargetAttributes = {
          0EBC61F238497D5A = {
            CreatedOnToolsVersion = 15.0;
          };
          C349FB017E28A6D5 = {
            CreatedOnToolsVersion = 15.0;
            TestTargetID = 0EBC61F238497D5A;
          };
          E21B9CA54FD76803 = {
            CreatedOnToolsVersion = 15.0;
            TestTargetID = 0EBC61F238497D5A;
          };
        };
      };
      buildConfigurationList = EDF56C7312098B4A /* Build configuration list for PBXProject "YouAreExpert" */;
      compatibilityVersion = "Xcode 14.0";
      developmentRegion = en;
      hasScannedForEncodings = 0;
      knownRegions = (
        en,
        Base
      );
      mainGroup = 30A518746C92DBFE;
      productRefGroup = B7425D160C3FE9A8 /* Products */;
      projectDirPath = "";
      projectRoot = "";
      targets = (
        0EBC61F238497D5A /* YouAreExpert */,
        C349FB017E28A6D5 /* YouAreExpertTests */,
        E21B9CA54FD76803 /* YouAreExpertUITests */
      );
    };
    /* End PBXProject section */

    /* Begin PBXSourcesBuildPhase section */
    B50DCA48132F67E9 /* Sources */ = {
      isa = PBXSourcesBuildPhase;
      buildActionMask = 2147483647;
      files = (
        3E71C694250DF8AB,
        2109E8FB6754DA3C,
        EAF62B1D8C057943,
        32E765981A0BDCF4,
        F706C5B139E428AD,
        493B8A2E10DFC576
      );
      runOnlyForDeploymentPostprocessing = 0;
    };
    079D35E16BC8A42F /* Sources */ = {
      isa = PBXSourcesBuildPhase;
      buildActionMask = 2147483647;
      files = (
        E0C1267A43F89B5D /* YouAreExpertTests.swift in Sources */
      );
      runOnlyForDeploymentPostprocessing = 0;
    };
    F64018532CBE79AD /* Sources */ = {
      isa = PBXSourcesBuildPhase;
      buildActionMask = 2147483647;
      files = (
        D97086BA123FEC54 /* YouAreExpertUITests.swift in Sources */
      );
      runOnlyForDeploymentPostprocessing = 0;
    };
    /* End PBXSourcesBuildPhase section */

    /* Begin PBXContainerItemProxy section */
    01A2FC34BD56789E /* PBXContainerItemProxy */ = {
      isa = PBXContainerItemProxy;
      containerPortal = 06E1D8259CF7BA34 /* Project object */;
      proxyType = 1;
      remoteGlobalIDString = 0EBC61F238497D5A;
      remoteInfo = "YouAreExpert";
    };
    B39150C28ED7A4F6 /* PBXContainerItemProxy */ = {
      isa = PBXContainerItemProxy;
      containerPortal = 06E1D8259CF7BA34 /* Project object */;
      proxyType = 1;
      remoteGlobalIDString = 0EBC61F238497D5A;
      remoteInfo = "YouAreExpert";
    };
    /* End PBXContainerItemProxy section */

    /* Begin PBXTargetDependency section */
    0AFE2B3168D47C59 /* PBXTargetDependency */ = {
      isa = PBXTargetDependency;
      target = 0EBC61F238497D5A /* YouAreExpert */;
      targetProxy = 01A2FC34BD56789E /* PBXContainerItemProxy */;
    };
    743865D2CE10FB9A /* PBXTargetDependency */ = {
      isa = PBXTargetDependency;
      target = 0EBC61F238497D5A /* YouAreExpert */;
      targetProxy = B39150C28ED7A4F6 /* PBXContainerItemProxy */;
    };
    /* End PBXTargetDependency section */

    /* Begin XCBuildConfiguration section */
    0671CBD5439F8E2A /* Debug */ = {
      isa = XCBuildConfiguration;
      buildSettings = {
        ALWAYS_SEARCH_USER_PATHS = NO;
        ASSETCATALOG_COMPILER_APPICON_NAME = AppIcon;
        ASSETCATALOG_COMPILER_GLOBAL_ACCENT_COLOR_NAME = AccentColor;
        CLANG_ANALYZER_NONNULL = YES;
        CLANG_ANALYZER_NUMBER_OBJECT_CONVERSION = YES_AGGRESSIVE;
        CLANG_CXX_LANGUAGE_STANDARD = "gnu++20";
        CLANG_ENABLE_MODULES = YES;
        CLANG_ENABLE_OBJC_ARC = YES;
        CLANG_ENABLE_OBJC_WEAK = YES;
        CODE_SIGN_STYLE = Automatic;
        CURRENT_PROJECT_VERSION = 1;
        DEVELOPMENT_ASSET_PATHS = "";
        DEVELOPMENT_TEAM = "";
        ENABLE_PREVIEWS = YES;
        ENABLE_STRICT_OBJC_MSGSEND = YES;
        ENABLE_TESTABILITY = YES;
        FRAMEWORK_SEARCH_PATHS = (
          "$(inherited)",
          "$(SDKROOT)/System/Library/Frameworks"
        );
        GCC_C_LANGUAGE_STANDARD = gnu11;
        GCC_DYNAMIC_NO_PIC = NO;
        GCC_NO_COMMON_BLOCKS = YES;
        GCC_OPTIMIZATION_LEVEL = 0;
        GCC_PREPROCESSOR_DEFINITIONS = (
          "DEBUG=1",
          "$(inherited)",
        );
        GENERATE_INFOPLIST_FILE = YES;
        INFOPLIST_KEY_UIApplicationSceneManifest_Generation = YES;
        INFOPLIST_KEY_UILaunchScreen_Generation = YES;
        IPHONEOS_DEPLOYMENT_TARGET = 15.0;
        LD_RUNPATH_SEARCH_PATHS = (
          "$(inherited)",
          "@executable_path/Frameworks",
        );
        MARKETING_VERSION = 1.0;
        MTL_ENABLE_DEBUG_INFO = INCLUDE_SOURCE;
        MTL_FAST_MATH = YES;
        ONLY_ACTIVE_ARCH = YES;
        PRODUCT_BUNDLE_IDENTIFIER = "com.example.youareexpert";
        PRODUCT_NAME = "$(TARGET_NAME)";
        SDKROOT = iphoneos;
        SUPPORTED_PLATFORMS = "iphoneos iphonesimulator";
        SUPPORTS_MACCATALYST = NO;
        SUPPORTS_MAC_DESIGNED_FOR_IPHONE_IPAD = NO;
        SWIFT_ACTIVE_COMPILATION_CONDITIONS = DEBUG;
        SWIFT_EMIT_LOC_STRINGS = YES;
        SWIFT_OPTIMIZATION_LEVEL = "-Onone";
        SWIFT_VERSION = 5.0;
        TARGETED_DEVICE_FAMILY = "1,2";
      };
      name = Debug;
    };
    5DE79A4FB32108C6 /* Release */ = {
      isa = XCBuildConfiguration;
      buildSettings = {
        ALWAYS_SEARCH_USER_PATHS = NO;
        ASSETCATALOG_COMPILER_APPICON_NAME = AppIcon;
        ASSETCATALOG_COMPILER_GLOBAL_ACCENT_COLOR_NAME = AccentColor;
        CLANG_ANALYZER_NONNULL = YES;
        CLANG_ANALYZER_NUMBER_OBJECT_CONVERSION = YES_AGGRESSIVE;
        CLANG_CXX_LANGUAGE_STANDARD = "gnu++20";
        CLANG_ENABLE_MODULES = YES;
        CLANG_ENABLE_OBJC_ARC = YES;
        CLANG_ENABLE_OBJC_WEAK = YES;
        CODE_SIGN_STYLE = Automatic;
        COPY_PHASE_STRIP = NO;
        CURRENT_PROJECT_VERSION = 1;
        DEVELOPMENT_ASSET_PATHS = "";
        DEVELOPMENT_TEAM = "";
        ENABLE_NS_ASSERTIONS = NO;
        ENABLE_PREVIEWS = YES;
        ENABLE_STRICT_OBJC_MSGSEND = YES;
        FRAMEWORK_SEARCH_PATHS = (
          "$(inherited)",
          "$(SDKROOT)/System/Library/Frameworks"
        );
        GCC_C_LANGUAGE_STANDARD = gnu11;
        GCC_NO_COMMON_BLOCKS = YES;
        GENERATE_INFOPLIST_FILE = YES;
        INFOPLIST_KEY_UIApplicationSceneManifest_Generation = YES;
        INFOPLIST_KEY_UILaunchScreen_Generation = YES;
        IPHONEOS_DEPLOYMENT_TARGET = 15.0;
        LD_RUNPATH_SEARCH_PATHS = (
          "$(inherited)",
          "@executable_path/Frameworks",
        );
        MARKETING_VERSION = 1.0;
        MTL_ENABLE_DEBUG_INFO = NO;
        MTL_FAST_MATH = YES;
        PRODUCT_BUNDLE_IDENTIFIER = "com.example.youareexpert";
        PRODUCT_NAME = "$(TARGET_NAME)";
        SDKROOT = iphoneos;
        SUPPORTED_PLATFORMS = "iphoneos iphonesimulator";
        SUPPORTS_MACCATALYST = NO;
        SUPPORTS_MAC_DESIGNED_FOR_IPHONE_IPAD = NO;
        SWIFT_COMPILATION_MODE = wholemodule;
        SWIFT_EMIT_LOC_STRINGS = YES;
        SWIFT_OPTIMIZATION_LEVEL = "-O";
        SWIFT_VERSION = 5.0;
        TARGETED_DEVICE_FAMILY = "1,2";
        VALIDATE_PRODUCT = YES;
      };
      name = Release;
    };
    46819D0EB523FA7C /* Debug */ = {
      isa = XCBuildConfiguration;
      buildSettings = {
        BUNDLE_LOADER = "$(TEST_HOST)";
        CODE_SIGN_STYLE = Automatic;
        CURRENT_PROJECT_VERSION = 1;
        GENERATE_INFOPLIST_FILE = YES;
        IPHONEOS_DEPLOYMENT_TARGET = 15.0;
        MARKETING_VERSION = 1.0;
        PRODUCT_BUNDLE_IDENTIFIER = "com.example.youareexpert.Tests";
        PRODUCT_NAME = "$(TARGET_NAME)";
        SDKROOT = iphoneos;
        SUPPORTED_PLATFORMS = "iphoneos iphonesimulator";
        SUPPORTS_MACCATALYST = NO;
        SUPPORTS_MAC_DESIGNED_FOR_IPHONE_IPAD = NO;
        SWIFT_EMIT_LOC_STRINGS = NO;
        SWIFT_VERSION = 5.0;
        TARGETED_DEVICE_FAMILY = "1,2";
        TEST_HOST = "$(BUILT_PRODUCTS_DIR)/YouAreExpert.app/$(BUNDLE_EXECUTABLE_FOLDER_PATH)/YouAreExpert";
      };
      name = Debug;
    };
    62CE93DB750A4F18 /* Release */ = {
      isa = XCBuildConfiguration;
      buildSettings = {
        BUNDLE_LOADER = "$(TEST_HOST)";
        CODE_SIGN_STYLE = Automatic;
        CURRENT_PROJECT_VERSION = 1;
        GENERATE_INFOPLIST_FILE = YES;
        IPHONEOS_DEPLOYMENT_TARGET = 15.0;
        MARKETING_VERSION = 1.0;
        PRODUCT_BUNDLE_IDENTIFIER = "com.example.youareexpert.Tests";
        PRODUCT_NAME = "$(TARGET_NAME)";
        SDKROOT = iphoneos;
        SUPPORTED_PLATFORMS = "iphoneos iphonesimulator";
        SUPPORTS_MACCATALYST = NO;
        SUPPORTS_MAC_DESIGNED_FOR_IPHONE_IPAD = NO;
        SWIFT_EMIT_LOC_STRINGS = NO;
        SWIFT_VERSION = 5.0;
        TARGETED_DEVICE_FAMILY = "1,2";
        TEST_HOST = "$(BUILT_PRODUCTS_DIR)/YouAreExpert.app/$(BUNDLE_EXECUTABLE_FOLDER_PATH)/YouAreExpert";
        VALIDATE_PRODUCT = YES;
      };
      name = Release;
    };
    0BF1D2C973A86E54 /* Debug */ = {
      isa = XCBuildConfiguration;
      buildSettings = {
        CODE_SIGN_STYLE = Automatic;
        CURRENT_PROJECT_VERSION = 1;
        GENERATE_INFOPLIST_FILE = YES;
        MARKETING_VERSION = 1.0;
        PRODUCT_BUNDLE_IDENTIFIER = "com.example.youareexpert.UITests";
        PRODUCT_NAME = "$(TARGET_NAME)";
        SDKROOT = iphoneos;
        SUPPORTED_PLATFORMS = "iphoneos iphonesimulator";
        SUPPORTS_MACCATALYST = NO;
        SUPPORTS_MAC_DESIGNED_FOR_IPHONE_IPAD = NO;
        SWIFT_EMIT_LOC_STRINGS = NO;
        SWIFT_VERSION = 5.0;
        TARGETED_DEVICE_FAMILY = "1,2";
        TEST_TARGET_NAME = YouAreExpert;
      };
      name = Debug;
    };
    E0C481732A659BFD /* Release */ = {
      isa = XCBuildConfiguration;
      buildSettings = {
        CODE_SIGN_STYLE = Automatic;
        CURRENT_PROJECT_VERSION = 1;
        GENERATE_INFOPLIST_FILE = YES;
        MARKETING_VERSION = 1.0;
        PRODUCT_BUNDLE_IDENTIFIER = "com.example.youareexpert.UITests";
        PRODUCT_NAME = "$(TARGET_NAME)";
        SDKROOT = iphoneos;
        SUPPORTED_PLATFORMS = "iphoneos iphonesimulator";
        SUPPORTS_MACCATALYST = NO;
        SUPPORTS_MAC_DESIGNED_FOR_IPHONE_IPAD = NO;
        SWIFT_EMIT_LOC_STRINGS = NO;
        SWIFT_VERSION = 5.0;
        TARGETED_DEVICE_FAMILY = "1,2";
        TEST_TARGET_NAME = YouAreExpert;
        VALIDATE_PRODUCT = YES;
      };
      name = Release;
    };
    /* End XCBuildConfiguration section */

    /* Begin XCConfigurationList section */
    EDF56C7312098B4A /* Build configuration list for PBXProject "YouAreExpert" */ = {
      isa = XCConfigurationList;
      buildConfigurations = (
        0671CBD5439F8E2A /* Debug */,
        5DE79A4FB32108C6 /* Release */
      );
      defaultConfigurationIsVisible = 0;
      defaultConfigurationName = Release;
    };
    E0FC751AB68D4923 /* Build configuration list for PBXNativeTarget "YouAreExpert" */ = {
      isa = XCConfigurationList;
      buildConfigurations = (
        0671CBD5439F8E2A /* Debug */,
        5DE79A4FB32108C6 /* Release */
      );
      defaultConfigurationIsVisible = 0;
      defaultConfigurationName = Release;
    };
    21F8670D453AEB9C /* Build configuration list for PBXNativeTarget "YouAreExpertTests" */ = {
      isa = XCConfigurationList;
      buildConfigurations = (
        46819D0EB523FA7C /* Debug */,
        62CE93DB750A4F18 /* Release */
      );
      defaultConfigurationIsVisible = 0;
      defaultConfigurationName = Release;
    };
    2FDBC76480935A1E /* Build configuration list for PBXNativeTarget "YouAreExpertUITests" */ = {
      isa = XCConfigurationList;
      buildConfigurations = (
        0BF1D2C973A86E54 /* Debug */,
        E0C481732A659BFD /* Release */
      );
      defaultConfigurationIsVisible = 0;
      defaultConfigurationName = Release;
    };
    /* End XCConfigurationList section */

  };
  rootObject = 06E1D8259CF7BA34 /* Project object */;
}
