// !$*UTF8*$!
{
  archiveVersion = 1;
  classes = {
  };
  objectVersion = 56;
  objects = {

    /* Begin PBXBuildFile section */
    EF059C168427AB3D /* IDEWorkspaceChecks.plist in Sources */ = {isa = PBXBuildFile; fileRef = B653721DE0CA849F; };
    629B157E8DF043AC /* ScheduleEventIntent.swift in Sources */ = {isa = PBXBuildFile; fileRef = C8AFE452D061B937; };
    504E1B27369A8CDF /* CalendarEvent.swift in Sources */ = {isa = PBXBuildFile; fileRef = 4150C97E32A68BDF; };
    D0E4918F732BC5A6 /* README.md in Sources */ = {isa = PBXBuildFile; fileRef = F30759481ACD6E2B; };
    0F1DE234758B9CA6 /* IngestionService.swift in Sources */ = {isa = PBXBuildFile; fileRef = 35864A017C29BDEF; };
    DE93510A2B6FC478 /* CalendarViewModel.swift in Sources */ = {isa = PBXBuildFile; fileRef = EB5A30CD971684F2; };
    4DC0163B27EF5A89 /* DashboardView.swift in Sources */ = {isa = PBXBuildFile; fileRef = 01DF5B8976C243AE; };
    E50FB768491CAD32 /* AutomotiveInspectorTests.swift in Sources */ = {isa = PBXBuildFile; fileRef = 6ADC85F49E7321B0; };
    BD9018C345F27E6A /* AutomotiveInspectorUITests.swift in Sources */ = {isa = PBXBuildFile; fileRef = 7423A9E5081B6FCD; };
    205C79438DBAF61E /* README.md in Sources */ = {isa = PBXBuildFile; fileRef = 20B9831D4AFCE576; };
    F8796CE5D43210AB /* AutomotiveInspectorTests.swift in Sources */ = {isa = PBXBuildFile; fileRef = 928A15037DC4E6FB; };
    76438F5C2AD109BE /* AutomotiveInspectorUITests.swift in Sources */ = {isa = PBXBuildFile; fileRef = 0E31B8D6A27CF495; };
    C73A45210F96B8DE /* SwiftUI.framework in Frameworks */ = {isa = PBXBuildFile; fileRef = FDB7CA501842639E; };
    /* End PBXBuildFile section */

    /* Begin PBXFileReference section */
    B9C40A1DE76325F8 /* AutomotiveInspector.app */ = {isa = PBXFileReference; explicitFileType = wrapper.application; includeInIndex = 0; path = "AutomotiveInspector.app"; sourceTree = BUILT_PRODUCTS_DIR; };
    B653721DE0CA849F /* IDEWorkspaceChecks.plist */ = {isa = PBXFileReference; lastKnownFileType = text.plist.xml; path = "IDEWorkspaceChecks.plist"; sourceTree = "<group>"; };
    C8AFE452D061B937 /* ScheduleEventIntent.swift */ = {isa = PBXFileReference; lastKnownFileType = sourcecode.swift; path = "ScheduleEventIntent.swift"; sourceTree = "<group>"; };
    4150C97E32A68BDF /* CalendarEvent.swift */ = {isa = PBXFileReference; lastKnownFileType = sourcecode.swift; path = "CalendarEvent.swift"; sourceTree = "<group>"; };
    F30759481ACD6E2B /* README.md */ = {isa = PBXFileReference; lastKnownFileType = text.markdown; path = "README.md"; sourceTree = "<group>"; };
    35864A017C29BDEF /* IngestionService.swift */ = {isa = PBXFileReference; lastKnownFileType = sourcecode.swift; path = "IngestionService.swift"; sourceTree = "<group>"; };
    EB5A30CD971684F2 /* CalendarViewModel.swift */ = {isa = PBXFileReference; lastKnownFileType = sourcecode.swift; path = "CalendarViewModel.swift"; sourceTree = "<group>"; };
    01DF5B8976C243AE /* DashboardView.swift */ = {isa = PBXFileReference; lastKnownFileType = sourcecode.swift; path = "DashboardView.swift"; sourceTree = "<group>"; };
    6ADC85F49E7321B0 /* AutomotiveInspectorTests.swift */ = {isa = PBXFileReference; lastKnownFileType = sourcecode.swift; path = "AutomotiveInspectorTests.swift"; sourceTree = "<group>"; };
    7423A9E5081B6FCD /* AutomotiveInspectorUITests.swift */ = {isa = PBXFileReference; lastKnownFileType = sourcecode.swift; path = "AutomotiveInspectorUITests.swift"; sourceTree = "<group>"; };
    20B9831D4AFCE576 /* README.md */ = {isa = PBXFileReference; lastKnownFileType = text.markdown; path = "README.md"; sourceTree = "<group>"; };
    928A15037DC4E6FB /* AutomotiveInspectorTests.swift */ = {isa = PBXFileReference; lastKnownFileType = sourcecode.swift; path = "AutomotiveInspectorTests.swift"; sourceTree = "<group>"; };
    0E31B8D6A27CF495 /* AutomotiveInspectorUITests.swift */ = {isa = PBXFileReference; lastKnownFileType = sourcecode.swift; path = "AutomotiveInspectorUITests.swift"; sourceTree = "<group>"; };
    0129C3AFB74E5D68 /* AutomotiveInspectorTests.xctest */ = {isa = PBXFileReference; explicitFileType = wrapper.cfbundle; includeInIndex = 0; path = "AutomotiveInspectorTests.xctest"; sourceTree = BUILT_PRODUCTS_DIR; };
    A752C6DE183094FB /* AutomotiveInspectorUITests.xctest */ = {isa = PBXFileReference; explicitFileType = wrapper.cfbundle; includeInIndex = 0; path = "AutomotiveInspectorUITests.xctest"; sourceTree = BUILT_PRODUCTS_DIR; };
    FDB7CA501842639E /* SwiftUI.framework */ = {isa = PBXFileReference; lastKnownFileType = wrapper.framework; name = SwiftUI.framework; path = System/Library/Frameworks/SwiftUI.framework; sourceTree = SDKROOT; };
    /* End PBXFileReference section */

    /* Begin PBXFrameworksBuildPhase section */
    32107D8AFE4BC569 /* Frameworks */ = {
      isa = PBXFrameworksBuildPhase;
      buildActionMask = 2147483647;
      files = (
        C73A45210F96B8DE /* SwiftUI.framework in Frameworks */
      );
      runOnlyForDeploymentPostprocessing = 0;
    };
    0A691D38E54FBC72 /* Frameworks */ = {
      isa = PBXFrameworksBuildPhase;
      buildActionMask = 2147483647;
      files = (
      );
      runOnlyForDeploymentPostprocessing = 0;
    };
    CF51BA0342D7E698 /* Frameworks */ = {
      isa = PBXFrameworksBuildPhase;
      buildActionMask = 2147483647;
      files = (
      );
      runOnlyForDeploymentPostprocessing = 0;
    };
    /* End PBXFrameworksBuildPhase section */

    /* Begin PBXGroup section */
    0123456D7AB9E8CF /* Main Group */ = {
      isa = PBXGroup;
      children = (
        B60917D2E3F4C58A /* AutomotiveInspector */,
        C04197DA3EF8B562 /* AutomotiveInspectorTests */,
        0E31829C457FA6BD /* AutomotiveInspectorUITests */,
        4D325B1860E79AFC /* Products */
      );
      sourceTree = "<group>";
    };
    B60917D2E3F4C58A /* AutomotiveInspector */ = {
      isa = PBXGroup;
      children = (
        E01B572DC86AF349,
        CE0B391D728F465A,
        17A9E3B50F624C8D,
        0B8F5D4E17C29A36,
        20B9831D4AFCE576
      );
      path = "AutomotiveInspector";
      sourceTree = "<group>";
    };
    
    E01B572DC86AF349 /* AutomotiveInspector.xcodeproj */ = {
      isa = PBXGroup;
      children = (
        9D5A674C3E210F8B
      );
      path = "AutomotiveInspector.xcodeproj";
      sourceTree = "<group>";
    };
    9D5A674C3E210F8B /* project.xcworkspace */ = {
      isa = PBXGroup;
      children = (
        01B8D792345FAC6E
      );
      path = "project.xcworkspace";
      sourceTree = "<group>";
    };
    01B8D792345FAC6E /* xcshareddata */ = {
      isa = PBXGroup;
      children = (
        B653721DE0CA849F
      );
      path = "xcshareddata";
      sourceTree = "<group>";
    };
    CE0B391D728F465A /* AutomotiveInspector */ = {
      isa = PBXGroup;
      children = (
        AC1723B48FD09E56,
        0AB875C1F34ED269,
        B01A37C2F64E589D,
        4B28F5719036DCAE,
        07EA43B69128CF5D,
        F30759481ACD6E2B
      );
      path = "AutomotiveInspector";
      sourceTree = "<group>";
    };
    AC1723B48FD09E56 /* Intents */ = {
      isa = PBXGroup;
      children = (
        C8AFE452D061B937
      );
      path = "Intents";
      sourceTree = "<group>";
    };
    0AB875C1F34ED269 /* Models */ = {
      isa = PBXGroup;
      children = (
        4150C97E32A68BDF
      );
      path = "Models";
      sourceTree = "<group>";
    };
    B01A37C2F64E589D /* Services */ = {
      isa = PBXGroup;
      children = (
        35864A017C29BDEF
      );
      path = "Services";
      sourceTree = "<group>";
    };
    4B28F5719036DCAE /* ViewModels */ = {
      isa = PBXGroup;
      children = (
        EB5A30CD971684F2
      );
      path = "ViewModels";
      sourceTree = "<group>";
    };
    07EA43B69128CF5D /* Views */ = {
      isa = PBXGroup;
      children = (
        01DF5B8976C243AE
      );
      path = "Views";
      sourceTree = "<group>";
    };
    17A9E3B50F624C8D /* AutomotiveInspectorTests */ = {
      isa = PBXGroup;
      children = (
        6ADC85F49E7321B0
      );
      path = "AutomotiveInspectorTests";
      sourceTree = "<group>";
    };
    0B8F5D4E17C29A36 /* AutomotiveInspectorUITests */ = {
      isa = PBXGroup;
      children = (
        7423A9E5081B6FCD
      );
      path = "AutomotiveInspectorUITests";
      sourceTree = "<group>";
    };
    C04197DA3EF8B562 /* AutomotiveInspectorTests */ = {
      isa = PBXGroup;
      children = (
        928A15037DC4E6FB /* AutomotiveInspectorTests.swift */
      );
      path = "AutomotiveInspectorTests";
      sourceTree = "<group>";
    };
    0E31829C457FA6BD /* AutomotiveInspectorUITests */ = {
      isa = PBXGroup;
      children = (
        0E31B8D6A27CF495 /* AutomotiveInspectorUITests.swift */
      );
      path = "AutomotiveInspectorUITests";
      sourceTree = "<group>";
    };
    4D325B1860E79AFC /* Products */ = {
      isa = PBXGroup;
      children = (
        B9C40A1DE76325F8 /* AutomotiveInspector.app */,
        0129C3AFB74E5D68 /* AutomotiveInspectorTests.xctest */,
        A752C6DE183094FB /* AutomotiveInspectorUITests.xctest */
      );
      name = Products;
      sourceTree = "<group>";
    };
    /* End PBXGroup section */

    /* Begin PBXNativeTarget section */
    572E41BDC9038A6F /* AutomotiveInspector */ = {
      isa = PBXNativeTarget;
      buildConfigurationList = 53F49B8DE6712AC0 /* Build configuration list for PBXNativeTarget "AutomotiveInspector" */;
      buildPhases = (
        7F6D218A03B4C5E9 /* Sources */,
        32107D8AFE4BC569 /* Frameworks */
      );
      buildRules = (
      );
      dependencies = (
      );
      name = "AutomotiveInspector";
      productName = "AutomotiveInspector";
      productReference = B9C40A1DE76325F8 /* AutomotiveInspector.app */;
      productType = "com.apple.product-type.application";
    };
    6543218B9CFAE70D /* AutomotiveInspectorTests */ = {
      isa = PBXNativeTarget;
      buildConfigurationList = 0B19FD56C27E8A34 /* Build configuration list for PBXNativeTarget "AutomotiveInspectorTests" */;
      buildPhases = (
        46D725B1089C3FAE /* Sources */,
        0A691D38E54FBC72 /* Frameworks */
      );
      buildRules = (
      );
      dependencies = (
        326E40FBD7851AC9 /* PBXTargetDependency */
      );
      name = "AutomotiveInspectorTests";
      productName = "AutomotiveInspectorTests";
      productReference = 0129C3AFB74E5D68 /* AutomotiveInspectorTests.xctest */;
      productType = "com.apple.product-type.bundle.unit-test";
    };
    690A1B532FD4EC78 /* AutomotiveInspectorUITests */ = {
      isa = PBXNativeTarget;
      buildConfigurationList = B03F17264ACE5D98 /* Build configuration list for PBXNativeTarget "AutomotiveInspectorUITests" */;
      buildPhases = (
        E37DAF5C1096482B /* Sources */,
        CF51BA0342D7E698 /* Frameworks */
      );
      buildRules = (
      );
      dependencies = (
        2BD7590A4EF31C68 /* PBXTargetDependency */
      );
      name = "AutomotiveInspectorUITests";
      productName = "AutomotiveInspectorUITests";
      productReference = A752C6DE183094FB /* AutomotiveInspectorUITests.xctest */;
      productType = "com.apple.product-type.bundle.ui-testing";
    };
    /* End PBXNativeTarget section */

    /* Begin PBXProject section */
    B1D30C2F47A586E9 /* Project object */ = {
      isa = PBXProject;
      attributes = {
        LastSwiftUpdateCheck = 1500;
        LastUpgradeCheck = 1500;
        TargetAttributes = {
          572E41BDC9038A6F = {
            CreatedOnToolsVersion = 15.0;
          };
          6543218B9CFAE70D = {
            CreatedOnToolsVersion = 15.0;
            TestTargetID = 572E41BDC9038A6F;
          };
          690A1B532FD4EC78 = {
            CreatedOnToolsVersion = 15.0;
            TestTargetID = 572E41BDC9038A6F;
          };
        };
      };
      buildConfigurationList = 7892DBEF1AC56403 /* Build configuration list for PBXProject "AutomotiveInspector" */;
      compatibilityVersion = "Xcode 14.0";
      developmentRegion = en;
      hasScannedForEncodings = 0;
      knownRegions = (
        en,
        Base
      );
      mainGroup = 0123456D7AB9E8CF;
      productRefGroup = 4D325B1860E79AFC /* Products */;
      projectDirPath = "";
      projectRoot = "";
      targets = (
        572E41BDC9038A6F /* AutomotiveInspector */,
        6543218B9CFAE70D /* AutomotiveInspectorTests */,
        690A1B532FD4EC78 /* AutomotiveInspectorUITests */
      );
    };
    /* End PBXProject section */

    /* Begin PBXSourcesBuildPhase section */
    7F6D218A03B4C5E9 /* Sources */ = {
      isa = PBXSourcesBuildPhase;
      buildActionMask = 2147483647;
      files = (
        EF059C168427AB3D,
        629B157E8DF043AC,
        504E1B27369A8CDF,
        D0E4918F732BC5A6,
        0F1DE234758B9CA6,
        DE93510A2B6FC478,
        4DC0163B27EF5A89,
        E50FB768491CAD32,
        BD9018C345F27E6A,
        205C79438DBAF61E
      );
      runOnlyForDeploymentPostprocessing = 0;
    };
    46D725B1089C3FAE /* Sources */ = {
      isa = PBXSourcesBuildPhase;
      buildActionMask = 2147483647;
      files = (
        F8796CE5D43210AB /* AutomotiveInspectorTests.swift in Sources */
      );
      runOnlyForDeploymentPostprocessing = 0;
    };
    E37DAF5C1096482B /* Sources */ = {
      isa = PBXSourcesBuildPhase;
      buildActionMask = 2147483647;
      files = (
        76438F5C2AD109BE /* AutomotiveInspectorUITests.swift in Sources */
      );
      runOnlyForDeploymentPostprocessing = 0;
    };
    /* End PBXSourcesBuildPhase section */

    /* Begin PBXContainerItemProxy section */
    C3F2B9E7106AD548 /* PBXContainerItemProxy */ = {
      isa = PBXContainerItemProxy;
      containerPortal = B1D30C2F47A586E9 /* Project object */;
      proxyType = 1;
      remoteGlobalIDString = 572E41BDC9038A6F;
      remoteInfo = "AutomotiveInspector";
    };
    01FB736CA28D459E /* PBXContainerItemProxy */ = {
      isa = PBXContainerItemProxy;
      containerPortal = B1D30C2F47A586E9 /* Project object */;
      proxyType = 1;
      remoteGlobalIDString = 572E41BDC9038A6F;
      remoteInfo = "AutomotiveInspector";
    };
    /* End PBXContainerItemProxy section */

    /* Begin PBXTargetDependency section */
    326E40FBD7851AC9 /* PBXTargetDependency */ = {
      isa = PBXTargetDependency;
      target = 572E41BDC9038A6F /* AutomotiveInspector */;
      targetProxy = C3F2B9E7106AD548 /* PBXContainerItemProxy */;
    };
    2BD7590A4EF31C68 /* PBXTargetDependency */ = {
      isa = PBXTargetDependency;
      target = 572E41BDC9038A6F /* AutomotiveInspector */;
      targetProxy = 01FB736CA28D459E /* PBXContainerItemProxy */;
    };
    /* End PBXTargetDependency section */

    /* Begin XCBuildConfiguration section */
    5432E1CA6F078DB9 /* Debug */ = {
      isa = XCBuildConfiguration;
      buildSettings = {
        ALWAYS_SEARCH_USER_PATHS = NO;
        ASSETCATALOG_COMPILER_APPICON_NAME = AppIcon;
        ASSETCATALOG_COMPILER_GLOBAL_ACCENT_COLOR_NAME = AccentColor;
        CLANG_ANALYZER_NONNULL = YES;
        CLANG_ANALYZER_NUMBER_OBJECT_CONVERSION = YES_AGGRESSIVE;
        CLANG_CXX_LANGUAGE_STANDARD = "gnu++20";
        CLANG_ENABLE_MODULES = YES;
        CLANG_ENABLE_OBJC_ARC = YES;
        CLANG_ENABLE_OBJC_WEAK = YES;
        CODE_SIGN_STYLE = Automatic;
        CURRENT_PROJECT_VERSION = 1;
        DEVELOPMENT_ASSET_PATHS = "";
        DEVELOPMENT_TEAM = "";
        ENABLE_PREVIEWS = YES;
        ENABLE_STRICT_OBJC_MSGSEND = YES;
        ENABLE_TESTABILITY = YES;
        FRAMEWORK_SEARCH_PATHS = (
          "$(inherited)",
          "$(SDKROOT)/System/Library/Frameworks"
        );
        GCC_C_LANGUAGE_STANDARD = gnu11;
        GCC_DYNAMIC_NO_PIC = NO;
        GCC_NO_COMMON_BLOCKS = YES;
        GCC_OPTIMIZATION_LEVEL = 0;
        GCC_PREPROCESSOR_DEFINITIONS = (
          "DEBUG=1",
          "$(inherited)",
        );
        GENERATE_INFOPLIST_FILE = YES;
        INFOPLIST_KEY_UIApplicationSceneManifest_Generation = YES;
        INFOPLIST_KEY_UILaunchScreen_Generation = YES;
        IPHONEOS_DEPLOYMENT_TARGET = 15.0;
        LD_RUNPATH_SEARCH_PATHS = (
          "$(inherited)",
          "@executable_path/Frameworks",
        );
        MARKETING_VERSION = 1.0;
        MTL_ENABLE_DEBUG_INFO = INCLUDE_SOURCE;
        MTL_FAST_MATH = YES;
        ONLY_ACTIVE_ARCH = YES;
        PRODUCT_BUNDLE_IDENTIFIER = "com.example.automotiveinspector";
        PRODUCT_NAME = "$(TARGET_NAME)";
        SDKROOT = iphoneos;
        SUPPORTED_PLATFORMS = "iphoneos iphonesimulator";
        SUPPORTS_MACCATALYST = NO;
        SUPPORTS_MAC_DESIGNED_FOR_IPHONE_IPAD = NO;
        SWIFT_ACTIVE_COMPILATION_CONDITIONS = DEBUG;
        SWIFT_EMIT_LOC_STRINGS = YES;
        SWIFT_OPTIMIZATION_LEVEL = "-Onone";
        SWIFT_VERSION = 5.0;
        TARGETED_DEVICE_FAMILY = "1,2";
      };
      name = Debug;
    };
    2781ED3FBAC09645 /* Release */ = {
      isa = XCBuildConfiguration;
      buildSettings = {
        ALWAYS_SEARCH_USER_PATHS = NO;
        ASSETCATALOG_COMPILER_APPICON_NAME = AppIcon;
        ASSETCATALOG_COMPILER_GLOBAL_ACCENT_COLOR_NAME = AccentColor;
        CLANG_ANALYZER_NONNULL = YES;
        CLANG_ANALYZER_NUMBER_OBJECT_CONVERSION = YES_AGGRESSIVE;
        CLANG_CXX_LANGUAGE_STANDARD = "gnu++20";
        CLANG_ENABLE_MODULES = YES;
        CLANG_ENABLE_OBJC_ARC = YES;
        CLANG_ENABLE_OBJC_WEAK = YES;
        CODE_SIGN_STYLE = Automatic;
        COPY_PHASE_STRIP = NO;
        CURRENT_PROJECT_VERSION = 1;
        DEVELOPMENT_ASSET_PATHS = "";
        DEVELOPMENT_TEAM = "";
        ENABLE_NS_ASSERTIONS = NO;
        ENABLE_PREVIEWS = YES;
        ENABLE_STRICT_OBJC_MSGSEND = YES;
        FRAMEWORK_SEARCH_PATHS = (
          "$(inherited)",
          "$(SDKROOT)/System/Library/Frameworks"
        );
        GCC_C_LANGUAGE_STANDARD = gnu11;
        GCC_NO_COMMON_BLOCKS = YES;
        GENERATE_INFOPLIST_FILE = YES;
        INFOPLIST_KEY_UIApplicationSceneManifest_Generation = YES;
        INFOPLIST_KEY_UILaunchScreen_Generation = YES;
        IPHONEOS_DEPLOYMENT_TARGET = 15.0;
        LD_RUNPATH_SEARCH_PATHS = (
          "$(inherited)",
          "@executable_path/Frameworks",
        );
        MARKETING_VERSION = 1.0;
        MTL_ENABLE_DEBUG_INFO = NO;
        MTL_FAST_MATH = YES;
        PRODUCT_BUNDLE_IDENTIFIER = "com.example.automotiveinspector";
        PRODUCT_NAME = "$(TARGET_NAME)";
        SDKROOT = iphoneos;
        SUPPORTED_PLATFORMS = "iphoneos iphonesimulator";
        SUPPORTS_MACCATALYST = NO;
        SUPPORTS_MAC_DESIGNED_FOR_IPHONE_IPAD = NO;
        SWIFT_COMPILATION_MODE = wholemodule;
        SWIFT_EMIT_LOC_STRINGS = YES;
        SWIFT_OPTIMIZATION_LEVEL = "-O";
        SWIFT_VERSION = 5.0;
        TARGETED_DEVICE_FAMILY = "1,2";
        VALIDATE_PRODUCT = YES;
      };
      name = Release;
    };
    FE90B4D7A52C1836 /* Debug */ = {
      isa = XCBuildConfiguration;
      buildSettings = {
        BUNDLE_LOADER = "$(TEST_HOST)";
        CODE_SIGN_STYLE = Automatic;
        CURRENT_PROJECT_VERSION = 1;
        GENERATE_INFOPLIST_FILE = YES;
        IPHONEOS_DEPLOYMENT_TARGET = 15.0;
        MARKETING_VERSION = 1.0;
        PRODUCT_BUNDLE_IDENTIFIER = "com.example.automotiveinspector.Tests";
        PRODUCT_NAME = "$(TARGET_NAME)";
        SDKROOT = iphoneos;
        SUPPORTED_PLATFORMS = "iphoneos iphonesimulator";
        SUPPORTS_MACCATALYST = NO;
        SUPPORTS_MAC_DESIGNED_FOR_IPHONE_IPAD = NO;
        SWIFT_EMIT_LOC_STRINGS = NO;
        SWIFT_VERSION = 5.0;
        TARGETED_DEVICE_FAMILY = "1,2";
        TEST_HOST = "$(BUILT_PRODUCTS_DIR)/AutomotiveInspector.app/$(BUNDLE_EXECUTABLE_FOLDER_PATH)/AutomotiveInspector";
      };
      name = Debug;
    };
    16C3A0425F987EBD /* Release */ = {
      isa = XCBuildConfiguration;
      buildSettings = {
        BUNDLE_LOADER = "$(TEST_HOST)";
        CODE_SIGN_STYLE = Automatic;
        CURRENT_PROJECT_VERSION = 1;
        GENERATE_INFOPLIST_FILE = YES;
        IPHONEOS_DEPLOYMENT_TARGET = 15.0;
        MARKETING_VERSION = 1.0;
        PRODUCT_BUNDLE_IDENTIFIER = "com.example.automotiveinspector.Tests";
        PRODUCT_NAME = "$(TARGET_NAME)";
        SDKROOT = iphoneos;
        SUPPORTED_PLATFORMS = "iphoneos iphonesimulator";
        SUPPORTS_MACCATALYST = NO;
        SUPPORTS_MAC_DESIGNED_FOR_IPHONE_IPAD = NO;
        SWIFT_EMIT_LOC_STRINGS = NO;
        SWIFT_VERSION = 5.0;
        TARGETED_DEVICE_FAMILY = "1,2";
        TEST_HOST = "$(BUILT_PRODUCTS_DIR)/AutomotiveInspector.app/$(BUNDLE_EXECUTABLE_FOLDER_PATH)/AutomotiveInspector";
        VALIDATE_PRODUCT = YES;
      };
      name = Release;
    };
    3FC7962D1405BAE8 /* Debug */ = {
      isa = XCBuildConfiguration;
      buildSettings = {
        CODE_SIGN_STYLE = Automatic;
        CURRENT_PROJECT_VERSION = 1;
        GENERATE_INFOPLIST_FILE = YES;
        MARKETING_VERSION = 1.0;
        PRODUCT_BUNDLE_IDENTIFIER = "com.example.automotiveinspector.UITests";
        PRODUCT_NAME = "$(TARGET_NAME)";
        SDKROOT = iphoneos;
        SUPPORTED_PLATFORMS = "iphoneos iphonesimulator";
        SUPPORTS_MACCATALYST = NO;
        SUPPORTS_MAC_DESIGNED_FOR_IPHONE_IPAD = NO;
        SWIFT_EMIT_LOC_STRINGS = NO;
        SWIFT_VERSION = 5.0;
        TARGETED_DEVICE_FAMILY = "1,2";
        TEST_TARGET_NAME = AutomotiveInspector;
      };
      name = Debug;
    };
    A3B5289CD1F70E46 /* Release */ = {
      isa = XCBuildConfiguration;
      buildSettings = {
        CODE_SIGN_STYLE = Automatic;
        CURRENT_PROJECT_VERSION = 1;
        GENERATE_INFOPLIST_FILE = YES;
        MARKETING_VERSION = 1.0;
        PRODUCT_BUNDLE_IDENTIFIER = "com.example.automotiveinspector.UITests";
        PRODUCT_NAME = "$(TARGET_NAME)";
        SDKROOT = iphoneos;
        SUPPORTED_PLATFORMS = "iphoneos iphonesimulator";
        SUPPORTS_MACCATALYST = NO;
        SUPPORTS_MAC_DESIGNED_FOR_IPHONE_IPAD = NO;
        SWIFT_EMIT_LOC_STRINGS = NO;
        SWIFT_VERSION = 5.0;
        TARGETED_DEVICE_FAMILY = "1,2";
        TEST_TARGET_NAME = AutomotiveInspector;
        VALIDATE_PRODUCT = YES;
      };
      name = Release;
    };
    /* End XCBuildConfiguration section */

    /* Begin XCConfigurationList section */
    7892DBEF1AC56403 /* Build configuration list for PBXProject "AutomotiveInspector" */ = {
      isa = XCConfigurationList;
      buildConfigurations = (
        5432E1CA6F078DB9 /* Debug */,
        2781ED3FBAC09645 /* Release */
      );
      defaultConfigurationIsVisible = 0;
      defaultConfigurationName = Release;
    };
    53F49B8DE6712AC0 /* Build configuration list for PBXNativeTarget "AutomotiveInspector" */ = {
      isa = XCConfigurationList;
      buildConfigurations = (
        5432E1CA6F078DB9 /* Debug */,
        2781ED3FBAC09645 /* Release */
      );
      defaultConfigurationIsVisible = 0;
      defaultConfigurationName = Release;
    };
    0B19FD56C27E8A34 /* Build configuration list for PBXNativeTarget "AutomotiveInspectorTests" */ = {
      isa = XCConfigurationList;
      buildConfigurations = (
        FE90B4D7A52C1836 /* Debug */,
        16C3A0425F987EBD /* Release */
      );
      defaultConfigurationIsVisible = 0;
      defaultConfigurationName = Release;
    };
    B03F17264ACE5D98 /* Build configuration list for PBXNativeTarget "AutomotiveInspectorUITests" */ = {
      isa = XCConfigurationList;
      buildConfigurations = (
        3FC7962D1405BAE8 /* Debug */,
        A3B5289CD1F70E46 /* Release */
      );
      defaultConfigurationIsVisible = 0;
      defaultConfigurationName = Release;
    };
    /* End XCConfigurationList section */

  };
  rootObject = B1D30C2F47A586E9 /* Project object */;
}
